// !$*UTF8*$!
{
	archiveVersion = 1;
	classes = {
	};
	objectVersion = 46;
	objects = {

/* Begin PBXBuildFile section */
		19D2CA4A171A98FF00FA10C7 /* InfoPlist.strings in Resources */ = {isa = PBXBuildFile; fileRef = 19D2CA48171A98FF00FA10C7 /* InfoPlist.strings */; };
		19D2CA52171A99B300FA10C7 /* Pim.h in Headers */ = {isa = PBXBuildFile; fileRef = 19B044EB1716E71D00E2A32E /* Pim.h */; settings = {ATTRIBUTES = (Public, ); }; };
		19D2CA71171A99CC00FA10C7 /* ft2build.h in Headers */ = {isa = PBXBuildFile; fileRef = 19EB2D5916D12FCC0088B6B8 /* ft2build.h */; settings = {ATTRIBUTES = (Public, ); }; };
		19D2CA72171A99CC00FA10C7 /* tinystr.h in Headers */ = {isa = PBXBuildFile; fileRef = 19EB2D5B16D12FCC0088B6B8 /* tinystr.h */; settings = {ATTRIBUTES = (Public, ); }; };
		19D2CA73171A99CC00FA10C7 /* tinyxml.h in Headers */ = {isa = PBXBuildFile; fileRef = 19EB2D5D16D12FCC0088B6B8 /* tinyxml.h */; settings = {ATTRIBUTES = (Public, ); }; };
		19D2CA74171A99CC00FA10C7 /* SDLMain.h in Headers */ = {isa = PBXBuildFile; fileRef = 193B45E216D1276C008F6C4F /* SDLMain.h */; settings = {ATTRIBUTES = (Public, ); }; };
		19D2CA8C171A9A6B00FA10C7 /* libbz2.1.0.5.dylib in Frameworks */ = {isa = PBXBuildFile; fileRef = 193B45DE16D12492008F6C4F /* libbz2.1.0.5.dylib */; };
		19D2CA8D171A9A6B00FA10C7 /* libz.1.1.3.dylib in Frameworks */ = {isa = PBXBuildFile; fileRef = 193B45DC16D1248E008F6C4F /* libz.1.1.3.dylib */; };
		19D2CA8E171A9A6B00FA10C7 /* OpenAL.framework in Frameworks */ = {isa = PBXBuildFile; fileRef = 193B45DA16D1248B008F6C4F /* OpenAL.framework */; };
		19D2CA8F171A9A6B00FA10C7 /* OpenGL.framework in Frameworks */ = {isa = PBXBuildFile; fileRef = 193B45D816D12487008F6C4F /* OpenGL.framework */; };
		19D2CA90171A9A6B00FA10C7 /* libfreetype.a in Frameworks */ = {isa = PBXBuildFile; fileRef = 193B45C116D12385008F6C4F /* libfreetype.a */; };
		19D2CA91171A9A6B00FA10C7 /* libpng15.framework in Frameworks */ = {isa = PBXBuildFile; fileRef = 193B45C216D12385008F6C4F /* libpng15.framework */; };
		19D2CA92171A9A6B00FA10C7 /* Ogg.framework in Frameworks */ = {isa = PBXBuildFile; fileRef = 193B45C316D12385008F6C4F /* Ogg.framework */; };
		19D2CA93171A9A6B00FA10C7 /* SDL2.framework in Frameworks */ = {isa = PBXBuildFile; fileRef = 193B45C416D12385008F6C4F /* SDL2.framework */; };
		19D2CA94171A9A6B00FA10C7 /* Vorbis.framework in Frameworks */ = {isa = PBXBuildFile; fileRef = 193B45C516D12385008F6C4F /* Vorbis.framework */; };
		19D2CA95171A9ACE00FA10C7 /* Pim.cpp in Sources */ = {isa = PBXBuildFile; fileRef = 19B044EA1716E71D00E2A32E /* Pim.cpp */; };
		19D2CA96171A9ACE00FA10C7 /* PimAction.cpp in Sources */ = {isa = PBXBuildFile; fileRef = 19B044EC1716E71D00E2A32E /* PimAction.cpp */; };
		19D2CA97171A9ACE00FA10C7 /* PimAudioManager.cpp in Sources */ = {isa = PBXBuildFile; fileRef = 19B044EF1716E71D00E2A32E /* PimAudioManager.cpp */; };
		19D2CA98171A9ACE00FA10C7 /* PimButton.cpp in Sources */ = {isa = PBXBuildFile; fileRef = 19B044F11716E71D00E2A32E /* PimButton.cpp */; };
		19D2CA99171A9ACE00FA10C7 /* PimConsoleReader.cpp in Sources */ = {isa = PBXBuildFile; fileRef = 19B044F31716E71D00E2A32E /* PimConsoleReader.cpp */; };
		19D2CA9A171A9ACE00FA10C7 /* PimFont.cpp in Sources */ = {isa = PBXBuildFile; fileRef = 19B044F51716E71D00E2A32E /* PimFont.cpp */; };
		19D2CA9B171A9ACE00FA10C7 /* PimGameControl.cpp in Sources */ = {isa = PBXBuildFile; fileRef = 19B044F71716E71D00E2A32E /* PimGameControl.cpp */; };
		19D2CA9C171A9ACE00FA10C7 /* PimGameNode.cpp in Sources */ = {isa = PBXBuildFile; fileRef = 19B044F91716E71D00E2A32E /* PimGameNode.cpp */; };
		19D2CA9D171A9ACE00FA10C7 /* PimInput.cpp in Sources */ = {isa = PBXBuildFile; fileRef = 19B044FC1716E71D00E2A32E /* PimInput.cpp */; };
		19D2CA9E171A9ACE00FA10C7 /* PimLabel.cpp in Sources */ = {isa = PBXBuildFile; fileRef = 19B044FF1716E71D00E2A32E /* PimLabel.cpp */; };
		19D2CA9F171A9ACE00FA10C7 /* PimLayer.cpp in Sources */ = {isa = PBXBuildFile; fileRef = 19B045011716E71D00E2A32E /* PimLayer.cpp */; };
		19D2CAA0171A9ACE00FA10C7 /* PimLevelParser.cpp in Sources */ = {isa = PBXBuildFile; fileRef = 19B045031716E71D00E2A32E /* PimLevelParser.cpp */; };
		19D2CAA1171A9ACE00FA10C7 /* PimLightDef.cpp in Sources */ = {isa = PBXBuildFile; fileRef = 19B045051716E71D00E2A32E /* PimLightDef.cpp */; };
		19D2CAA2171A9ACE00FA10C7 /* PimLightingSystem.cpp in Sources */ = {isa = PBXBuildFile; fileRef = 19B045071716E71D00E2A32E /* PimLightingSystem.cpp */; };
		19D2CAA3171A9ACE00FA10C7 /* PimNormalMap.cpp in Sources */ = {isa = PBXBuildFile; fileRef = 19B0450A1716E71D00E2A32E /* PimNormalMap.cpp */; };
		19D2CAA4171A9ACE00FA10C7 /* PimParticleSystem.cpp in Sources */ = {isa = PBXBuildFile; fileRef = 19B0450C1716E71D00E2A32E /* PimParticleSystem.cpp */; };
		19D2CAA5171A9ACE00FA10C7 /* PimPolygonShape.cpp in Sources */ = {isa = PBXBuildFile; fileRef = 19B0450E1716E71D00E2A32E /* PimPolygonShape.cpp */; };
		19D2CAA6171A9ACE00FA10C7 /* PimRenderTexture.cpp in Sources */ = {isa = PBXBuildFile; fileRef = 19B045101716E71D00E2A32E /* PimRenderTexture.cpp */; };
		19D2CAA7171A9ACE00FA10C7 /* PimRenderWindow.cpp in Sources */ = {isa = PBXBuildFile; fileRef = 19B045121716E71D00E2A32E /* PimRenderWindow.cpp */; };
		19D2CAA8171A9ACE00FA10C7 /* PimScene.cpp in Sources */ = {isa = PBXBuildFile; fileRef = 19B045141716E71D00E2A32E /* PimScene.cpp */; };
		19D2CAA9171A9ACE00FA10C7 /* PimShaderManager.cpp in Sources */ = {isa = PBXBuildFile; fileRef = 19B045161716E71D00E2A32E /* PimShaderManager.cpp */; };
		19D2CAAA171A9ACE00FA10C7 /* PimSlider.cpp in Sources */ = {isa = PBXBuildFile; fileRef = 19B045181716E71D00E2A32E /* PimSlider.cpp */; };
		19D2CAAB171A9ACE00FA10C7 /* PimSound.cpp in Sources */ = {isa = PBXBuildFile; fileRef = 19B0451A1716E71D00E2A32E /* PimSound.cpp */; };
		19D2CAAC171A9ACE00FA10C7 /* PimSprite.cpp in Sources */ = {isa = PBXBuildFile; fileRef = 19B0451C1716E71D00E2A32E /* PimSprite.cpp */; };
		19D2CAAD171A9ACE00FA10C7 /* PimSpriteBatchNode.cpp in Sources */ = {isa = PBXBuildFile; fileRef = 19B0451E1716E71D00E2A32E /* PimSpriteBatchNode.cpp */; };
		19D2CAAE171A9ACE00FA10C7 /* PimVec2.cpp in Sources */ = {isa = PBXBuildFile; fileRef = 19B045201716E71D00E2A32E /* PimVec2.cpp */; };
		19D2CAAF171A9ACE00FA10C7 /* PimWinStyle.cpp in Sources */ = {isa = PBXBuildFile; fileRef = 19B045221716E71D00E2A32E /* PimWinStyle.cpp */; };
		19D2CAB0171A9ACE00FA10C7 /* tinystr.cpp in Sources */ = {isa = PBXBuildFile; fileRef = 19EB2D5A16D12FCC0088B6B8 /* tinystr.cpp */; };
		19D2CAB1171A9ACE00FA10C7 /* tinyxml.cpp in Sources */ = {isa = PBXBuildFile; fileRef = 19EB2D5C16D12FCC0088B6B8 /* tinyxml.cpp */; };
		19D2CAB2171A9ACE00FA10C7 /* tinyxmlerror.cpp in Sources */ = {isa = PBXBuildFile; fileRef = 19EB2D5E16D12FCC0088B6B8 /* tinyxmlerror.cpp */; };
		19D2CAB3171A9ACE00FA10C7 /* tinyxmlparser.cpp in Sources */ = {isa = PBXBuildFile; fileRef = 19EB2D5F16D12FCC0088B6B8 /* tinyxmlparser.cpp */; };
		19D2CAB7171A9B6E00FA10C7 /* freetype in Resources */ = {isa = PBXBuildFile; fileRef = 19D2CAB6171A9B6E00FA10C7 /* freetype */; };
		19D2CAB8171A9D7800FA10C7 /* PimAction.h in Headers */ = {isa = PBXBuildFile; fileRef = 19B044ED1716E71D00E2A32E /* PimAction.h */; settings = {ATTRIBUTES = (Public, ); }; };
		19D2CAB9171A9D7800FA10C7 /* PimAssert.h in Headers */ = {isa = PBXBuildFile; fileRef = 19B044EE1716E71D00E2A32E /* PimAssert.h */; settings = {ATTRIBUTES = (Public, ); }; };
		19D2CABA171A9D7800FA10C7 /* PimAudioManager.h in Headers */ = {isa = PBXBuildFile; fileRef = 19B044F01716E71D00E2A32E /* PimAudioManager.h */; settings = {ATTRIBUTES = (Public, ); }; };
		19D2CABB171A9D7800FA10C7 /* PimButton.h in Headers */ = {isa = PBXBuildFile; fileRef = 19B044F21716E71D00E2A32E /* PimButton.h */; settings = {ATTRIBUTES = (Public, ); }; };
		19D2CABC171A9D7800FA10C7 /* PimConsoleReader.h in Headers */ = {isa = PBXBuildFile; fileRef = 19B044F41716E71D00E2A32E /* PimConsoleReader.h */; settings = {ATTRIBUTES = (Public, ); }; };
		19D2CABD171A9D7800FA10C7 /* PimFont.h in Headers */ = {isa = PBXBuildFile; fileRef = 19B044F61716E71D00E2A32E /* PimFont.h */; settings = {ATTRIBUTES = (Public, ); }; };
		19D2CABE171A9D7800FA10C7 /* PimGameControl.h in Headers */ = {isa = PBXBuildFile; fileRef = 19B044F81716E71D00E2A32E /* PimGameControl.h */; settings = {ATTRIBUTES = (Public, ); }; };
		19D2CABF171A9D7800FA10C7 /* PimGameNode.h in Headers */ = {isa = PBXBuildFile; fileRef = 19B044FA1716E71D00E2A32E /* PimGameNode.h */; settings = {ATTRIBUTES = (Public, ); }; };
		19D2CAC0171A9D7800FA10C7 /* PimHelperFunctions.h in Headers */ = {isa = PBXBuildFile; fileRef = 19B044FB1716E71D00E2A32E /* PimHelperFunctions.h */; settings = {ATTRIBUTES = (Public, ); }; };
		19D2CAC1171A9D7800FA10C7 /* PimInput.h in Headers */ = {isa = PBXBuildFile; fileRef = 19B044FD1716E71D00E2A32E /* PimInput.h */; settings = {ATTRIBUTES = (Public, ); }; };
		19D2CAC2171A9D7800FA10C7 /* PimInternal.h in Headers */ = {isa = PBXBuildFile; fileRef = 19B044FE1716E71D00E2A32E /* PimInternal.h */; settings = {ATTRIBUTES = (Public, ); }; };
		19D2CAC3171A9D7800FA10C7 /* PimLabel.h in Headers */ = {isa = PBXBuildFile; fileRef = 19B045001716E71D00E2A32E /* PimLabel.h */; settings = {ATTRIBUTES = (Public, ); }; };
		19D2CAC4171A9D7800FA10C7 /* PimLayer.h in Headers */ = {isa = PBXBuildFile; fileRef = 19B045021716E71D00E2A32E /* PimLayer.h */; settings = {ATTRIBUTES = (Public, ); }; };
		19D2CAC5171A9D7800FA10C7 /* PimLevelParser.h in Headers */ = {isa = PBXBuildFile; fileRef = 19B045041716E71D00E2A32E /* PimLevelParser.h */; settings = {ATTRIBUTES = (Public, ); }; };
		19D2CAC6171A9D7800FA10C7 /* PimLightDef.h in Headers */ = {isa = PBXBuildFile; fileRef = 19B045061716E71D00E2A32E /* PimLightDef.h */; settings = {ATTRIBUTES = (Public, ); }; };
		19D2CAC7171A9D7800FA10C7 /* PimLightingSystem.h in Headers */ = {isa = PBXBuildFile; fileRef = 19B045081716E71D00E2A32E /* PimLightingSystem.h */; settings = {ATTRIBUTES = (Public, ); }; };
		19D2CAC8171A9D7800FA10C7 /* PimLightingSystemShaders.h in Headers */ = {isa = PBXBuildFile; fileRef = 19B045091716E71D00E2A32E /* PimLightingSystemShaders.h */; settings = {ATTRIBUTES = (Public, ); }; };
		19D2CAC9171A9D7800FA10C7 /* PimNormalMap.h in Headers */ = {isa = PBXBuildFile; fileRef = 19B0450B1716E71D00E2A32E /* PimNormalMap.h */; settings = {ATTRIBUTES = (Public, ); }; };
		19D2CACA171A9D7800FA10C7 /* PimParticleSystem.h in Headers */ = {isa = PBXBuildFile; fileRef = 19B0450D1716E71D00E2A32E /* PimParticleSystem.h */; settings = {ATTRIBUTES = (Public, ); }; };
		19D2CACB171A9D7800FA10C7 /* PimPolygonShape.h in Headers */ = {isa = PBXBuildFile; fileRef = 19B0450F1716E71D00E2A32E /* PimPolygonShape.h */; settings = {ATTRIBUTES = (Public, ); }; };
		19D2CACC171A9D7800FA10C7 /* PimRenderTexture.h in Headers */ = {isa = PBXBuildFile; fileRef = 19B045111716E71D00E2A32E /* PimRenderTexture.h */; settings = {ATTRIBUTES = (Public, ); }; };
		19D2CACD171A9D7800FA10C7 /* PimRenderWindow.h in Headers */ = {isa = PBXBuildFile; fileRef = 19B045131716E71D00E2A32E /* PimRenderWindow.h */; settings = {ATTRIBUTES = (Public, ); }; };
		19D2CACE171A9D7800FA10C7 /* PimScene.h in Headers */ = {isa = PBXBuildFile; fileRef = 19B045151716E71D00E2A32E /* PimScene.h */; settings = {ATTRIBUTES = (Public, ); }; };
		19D2CACF171A9D7800FA10C7 /* PimShaderManager.h in Headers */ = {isa = PBXBuildFile; fileRef = 19B045171716E71D00E2A32E /* PimShaderManager.h */; settings = {ATTRIBUTES = (Public, ); }; };
		19D2CAD0171A9D7800FA10C7 /* PimSlider.h in Headers */ = {isa = PBXBuildFile; fileRef = 19B045191716E71D00E2A32E /* PimSlider.h */; settings = {ATTRIBUTES = (Public, ); }; };
		19D2CAD1171A9D7800FA10C7 /* PimSound.h in Headers */ = {isa = PBXBuildFile; fileRef = 19B0451B1716E71D00E2A32E /* PimSound.h */; settings = {ATTRIBUTES = (Public, ); }; };
		19D2CAD2171A9D7800FA10C7 /* PimSprite.h in Headers */ = {isa = PBXBuildFile; fileRef = 19B0451D1716E71D00E2A32E /* PimSprite.h */; settings = {ATTRIBUTES = (Public, ); }; };
		19D2CAD3171A9D7800FA10C7 /* PimSpriteBatchNode.h in Headers */ = {isa = PBXBuildFile; fileRef = 19B0451F1716E71D00E2A32E /* PimSpriteBatchNode.h */; settings = {ATTRIBUTES = (Public, ); }; };
		19D2CAD4171A9D7800FA10C7 /* PimVec2.h in Headers */ = {isa = PBXBuildFile; fileRef = 19B045211716E71D00E2A32E /* PimVec2.h */; settings = {ATTRIBUTES = (Public, ); }; };
		19D2CAD5171A9D7800FA10C7 /* PimWinStyle.h in Headers */ = {isa = PBXBuildFile; fileRef = 19B045231716E71D00E2A32E /* PimWinStyle.h */; settings = {ATTRIBUTES = (Public, ); }; };
/* End PBXBuildFile section */

/* Begin PBXFileReference section */
		193B45C116D12385008F6C4F /* libfreetype.a */ = {isa = PBXFileReference; lastKnownFileType = archive.ar; path = libfreetype.a; sourceTree = "<group>"; };
		193B45C216D12385008F6C4F /* libpng15.framework */ = {isa = PBXFileReference; lastKnownFileType = wrapper.framework; path = libpng15.framework; sourceTree = "<group>"; };
		193B45C316D12385008F6C4F /* Ogg.framework */ = {isa = PBXFileReference; lastKnownFileType = wrapper.framework; path = Ogg.framework; sourceTree = "<group>"; };
		193B45C416D12385008F6C4F /* SDL2.framework */ = {isa = PBXFileReference; lastKnownFileType = wrapper.framework; path = SDL2.framework; sourceTree = "<group>"; };
		193B45C516D12385008F6C4F /* Vorbis.framework */ = {isa = PBXFileReference; lastKnownFileType = wrapper.framework; path = Vorbis.framework; sourceTree = "<group>"; };
		193B45D816D12487008F6C4F /* OpenGL.framework */ = {isa = PBXFileReference; lastKnownFileType = wrapper.framework; name = OpenGL.framework; path = System/Library/Frameworks/OpenGL.framework; sourceTree = SDKROOT; };
		193B45DA16D1248B008F6C4F /* OpenAL.framework */ = {isa = PBXFileReference; lastKnownFileType = wrapper.framework; name = OpenAL.framework; path = System/Library/Frameworks/OpenAL.framework; sourceTree = SDKROOT; };
		193B45DC16D1248E008F6C4F /* libz.1.1.3.dylib */ = {isa = PBXFileReference; lastKnownFileType = "compiled.mach-o.dylib"; name = libz.1.1.3.dylib; path = usr/lib/libz.1.1.3.dylib; sourceTree = SDKROOT; };
		193B45DE16D12492008F6C4F /* libbz2.1.0.5.dylib */ = {isa = PBXFileReference; lastKnownFileType = "compiled.mach-o.dylib"; name = libbz2.1.0.5.dylib; path = usr/lib/libbz2.1.0.5.dylib; sourceTree = SDKROOT; };
		193B45E016D126F0008F6C4F /* Cocoa.framework */ = {isa = PBXFileReference; lastKnownFileType = wrapper.framework; name = Cocoa.framework; path = System/Library/Frameworks/Cocoa.framework; sourceTree = SDKROOT; };
		193B45E216D1276C008F6C4F /* SDLMain.h */ = {isa = PBXFileReference; fileEncoding = 4; lastKnownFileType = sourcecode.c.h; path = SDLMain.h; sourceTree = "<group>"; };
		193B45E316D1276C008F6C4F /* SDLMain.m */ = {isa = PBXFileReference; fileEncoding = 4; lastKnownFileType = sourcecode.c.objc; path = SDLMain.m; sourceTree = "<group>"; };
		19B044EA1716E71D00E2A32E /* Pim.cpp */ = {isa = PBXFileReference; fileEncoding = 4; lastKnownFileType = sourcecode.cpp.cpp; name = Pim.cpp; path = ../src/Pim.cpp; sourceTree = "<group>"; };
		19B044EB1716E71D00E2A32E /* Pim.h */ = {isa = PBXFileReference; fileEncoding = 4; lastKnownFileType = sourcecode.c.h; name = Pim.h; path = ../src/Pim.h; sourceTree = "<group>"; };
		19B044EC1716E71D00E2A32E /* PimAction.cpp */ = {isa = PBXFileReference; fileEncoding = 4; lastKnownFileType = sourcecode.cpp.cpp; name = PimAction.cpp; path = ../src/PimAction.cpp; sourceTree = "<group>"; };
		19B044ED1716E71D00E2A32E /* PimAction.h */ = {isa = PBXFileReference; fileEncoding = 4; lastKnownFileType = sourcecode.c.h; name = PimAction.h; path = ../src/PimAction.h; sourceTree = "<group>"; };
		19B044EE1716E71D00E2A32E /* PimAssert.h */ = {isa = PBXFileReference; fileEncoding = 4; lastKnownFileType = sourcecode.c.h; name = PimAssert.h; path = ../src/PimAssert.h; sourceTree = "<group>"; };
		19B044EF1716E71D00E2A32E /* PimAudioManager.cpp */ = {isa = PBXFileReference; fileEncoding = 4; lastKnownFileType = sourcecode.cpp.cpp; name = PimAudioManager.cpp; path = ../src/PimAudioManager.cpp; sourceTree = "<group>"; };
		19B044F01716E71D00E2A32E /* PimAudioManager.h */ = {isa = PBXFileReference; fileEncoding = 4; lastKnownFileType = sourcecode.c.h; name = PimAudioManager.h; path = ../src/PimAudioManager.h; sourceTree = "<group>"; };
		19B044F11716E71D00E2A32E /* PimButton.cpp */ = {isa = PBXFileReference; fileEncoding = 4; lastKnownFileType = sourcecode.cpp.cpp; name = PimButton.cpp; path = ../src/PimButton.cpp; sourceTree = "<group>"; };
		19B044F21716E71D00E2A32E /* PimButton.h */ = {isa = PBXFileReference; fileEncoding = 4; lastKnownFileType = sourcecode.c.h; name = PimButton.h; path = ../src/PimButton.h; sourceTree = "<group>"; };
		19B044F31716E71D00E2A32E /* PimConsoleReader.cpp */ = {isa = PBXFileReference; fileEncoding = 4; lastKnownFileType = sourcecode.cpp.cpp; name = PimConsoleReader.cpp; path = ../src/PimConsoleReader.cpp; sourceTree = "<group>"; };
		19B044F41716E71D00E2A32E /* PimConsoleReader.h */ = {isa = PBXFileReference; fileEncoding = 4; lastKnownFileType = sourcecode.c.h; name = PimConsoleReader.h; path = ../src/PimConsoleReader.h; sourceTree = "<group>"; };
		19B044F51716E71D00E2A32E /* PimFont.cpp */ = {isa = PBXFileReference; fileEncoding = 4; lastKnownFileType = sourcecode.cpp.cpp; name = PimFont.cpp; path = ../src/PimFont.cpp; sourceTree = "<group>"; };
		19B044F61716E71D00E2A32E /* PimFont.h */ = {isa = PBXFileReference; fileEncoding = 4; lastKnownFileType = sourcecode.c.h; name = PimFont.h; path = ../src/PimFont.h; sourceTree = "<group>"; };
		19B044F71716E71D00E2A32E /* PimGameControl.cpp */ = {isa = PBXFileReference; fileEncoding = 4; lastKnownFileType = sourcecode.cpp.cpp; name = PimGameControl.cpp; path = ../src/PimGameControl.cpp; sourceTree = "<group>"; };
		19B044F81716E71D00E2A32E /* PimGameControl.h */ = {isa = PBXFileReference; fileEncoding = 4; lastKnownFileType = sourcecode.c.h; name = PimGameControl.h; path = ../src/PimGameControl.h; sourceTree = "<group>"; };
		19B044F91716E71D00E2A32E /* PimGameNode.cpp */ = {isa = PBXFileReference; fileEncoding = 4; lastKnownFileType = sourcecode.cpp.cpp; name = PimGameNode.cpp; path = ../src/PimGameNode.cpp; sourceTree = "<group>"; };
		19B044FA1716E71D00E2A32E /* PimGameNode.h */ = {isa = PBXFileReference; fileEncoding = 4; lastKnownFileType = sourcecode.c.h; name = PimGameNode.h; path = ../src/PimGameNode.h; sourceTree = "<group>"; };
		19B044FB1716E71D00E2A32E /* PimHelperFunctions.h */ = {isa = PBXFileReference; fileEncoding = 4; lastKnownFileType = sourcecode.c.h; name = PimHelperFunctions.h; path = ../src/PimHelperFunctions.h; sourceTree = "<group>"; };
		19B044FC1716E71D00E2A32E /* PimInput.cpp */ = {isa = PBXFileReference; fileEncoding = 4; lastKnownFileType = sourcecode.cpp.cpp; name = PimInput.cpp; path = ../src/PimInput.cpp; sourceTree = "<group>"; };
		19B044FD1716E71D00E2A32E /* PimInput.h */ = {isa = PBXFileReference; fileEncoding = 4; lastKnownFileType = sourcecode.c.h; name = PimInput.h; path = ../src/PimInput.h; sourceTree = "<group>"; };
		19B044FE1716E71D00E2A32E /* PimInternal.h */ = {isa = PBXFileReference; fileEncoding = 4; lastKnownFileType = sourcecode.c.h; name = PimInternal.h; path = ../src/PimInternal.h; sourceTree = "<group>"; };
		19B044FF1716E71D00E2A32E /* PimLabel.cpp */ = {isa = PBXFileReference; fileEncoding = 4; lastKnownFileType = sourcecode.cpp.cpp; name = PimLabel.cpp; path = ../src/PimLabel.cpp; sourceTree = "<group>"; };
		19B045001716E71D00E2A32E /* PimLabel.h */ = {isa = PBXFileReference; fileEncoding = 4; lastKnownFileType = sourcecode.c.h; name = PimLabel.h; path = ../src/PimLabel.h; sourceTree = "<group>"; };
		19B045011716E71D00E2A32E /* PimLayer.cpp */ = {isa = PBXFileReference; fileEncoding = 4; lastKnownFileType = sourcecode.cpp.cpp; name = PimLayer.cpp; path = ../src/PimLayer.cpp; sourceTree = "<group>"; };
		19B045021716E71D00E2A32E /* PimLayer.h */ = {isa = PBXFileReference; fileEncoding = 4; lastKnownFileType = sourcecode.c.h; name = PimLayer.h; path = ../src/PimLayer.h; sourceTree = "<group>"; };
		19B045031716E71D00E2A32E /* PimLevelParser.cpp */ = {isa = PBXFileReference; fileEncoding = 4; lastKnownFileType = sourcecode.cpp.cpp; name = PimLevelParser.cpp; path = ../src/PimLevelParser.cpp; sourceTree = "<group>"; };
		19B045041716E71D00E2A32E /* PimLevelParser.h */ = {isa = PBXFileReference; fileEncoding = 4; lastKnownFileType = sourcecode.c.h; name = PimLevelParser.h; path = ../src/PimLevelParser.h; sourceTree = "<group>"; };
		19B045051716E71D00E2A32E /* PimLightDef.cpp */ = {isa = PBXFileReference; fileEncoding = 4; lastKnownFileType = sourcecode.cpp.cpp; name = PimLightDef.cpp; path = ../src/PimLightDef.cpp; sourceTree = "<group>"; };
		19B045061716E71D00E2A32E /* PimLightDef.h */ = {isa = PBXFileReference; fileEncoding = 4; lastKnownFileType = sourcecode.c.h; name = PimLightDef.h; path = ../src/PimLightDef.h; sourceTree = "<group>"; };
		19B045071716E71D00E2A32E /* PimLightingSystem.cpp */ = {isa = PBXFileReference; fileEncoding = 4; lastKnownFileType = sourcecode.cpp.cpp; name = PimLightingSystem.cpp; path = ../src/PimLightingSystem.cpp; sourceTree = "<group>"; };
		19B045081716E71D00E2A32E /* PimLightingSystem.h */ = {isa = PBXFileReference; fileEncoding = 4; lastKnownFileType = sourcecode.c.h; name = PimLightingSystem.h; path = ../src/PimLightingSystem.h; sourceTree = "<group>"; };
		19B045091716E71D00E2A32E /* PimLightingSystemShaders.h */ = {isa = PBXFileReference; fileEncoding = 4; lastKnownFileType = sourcecode.c.h; name = PimLightingSystemShaders.h; path = ../src/PimLightingSystemShaders.h; sourceTree = "<group>"; };
		19B0450A1716E71D00E2A32E /* PimNormalMap.cpp */ = {isa = PBXFileReference; fileEncoding = 4; lastKnownFileType = sourcecode.cpp.cpp; name = PimNormalMap.cpp; path = ../src/PimNormalMap.cpp; sourceTree = "<group>"; };
		19B0450B1716E71D00E2A32E /* PimNormalMap.h */ = {isa = PBXFileReference; fileEncoding = 4; lastKnownFileType = sourcecode.c.h; name = PimNormalMap.h; path = ../src/PimNormalMap.h; sourceTree = "<group>"; };
		19B0450C1716E71D00E2A32E /* PimParticleSystem.cpp */ = {isa = PBXFileReference; fileEncoding = 4; lastKnownFileType = sourcecode.cpp.cpp; name = PimParticleSystem.cpp; path = ../src/PimParticleSystem.cpp; sourceTree = "<group>"; };
		19B0450D1716E71D00E2A32E /* PimParticleSystem.h */ = {isa = PBXFileReference; fileEncoding = 4; lastKnownFileType = sourcecode.c.h; name = PimParticleSystem.h; path = ../src/PimParticleSystem.h; sourceTree = "<group>"; };
		19B0450E1716E71D00E2A32E /* PimPolygonShape.cpp */ = {isa = PBXFileReference; fileEncoding = 4; lastKnownFileType = sourcecode.cpp.cpp; name = PimPolygonShape.cpp; path = ../src/PimPolygonShape.cpp; sourceTree = "<group>"; };
		19B0450F1716E71D00E2A32E /* PimPolygonShape.h */ = {isa = PBXFileReference; fileEncoding = 4; lastKnownFileType = sourcecode.c.h; name = PimPolygonShape.h; path = ../src/PimPolygonShape.h; sourceTree = "<group>"; };
		19B045101716E71D00E2A32E /* PimRenderTexture.cpp */ = {isa = PBXFileReference; fileEncoding = 4; lastKnownFileType = sourcecode.cpp.cpp; name = PimRenderTexture.cpp; path = ../src/PimRenderTexture.cpp; sourceTree = "<group>"; };
		19B045111716E71D00E2A32E /* PimRenderTexture.h */ = {isa = PBXFileReference; fileEncoding = 4; lastKnownFileType = sourcecode.c.h; name = PimRenderTexture.h; path = ../src/PimRenderTexture.h; sourceTree = "<group>"; };
		19B045121716E71D00E2A32E /* PimRenderWindow.cpp */ = {isa = PBXFileReference; fileEncoding = 4; lastKnownFileType = sourcecode.cpp.cpp; name = PimRenderWindow.cpp; path = ../src/PimRenderWindow.cpp; sourceTree = "<group>"; };
		19B045131716E71D00E2A32E /* PimRenderWindow.h */ = {isa = PBXFileReference; fileEncoding = 4; lastKnownFileType = sourcecode.c.h; name = PimRenderWindow.h; path = ../src/PimRenderWindow.h; sourceTree = "<group>"; };
		19B045141716E71D00E2A32E /* PimScene.cpp */ = {isa = PBXFileReference; fileEncoding = 4; lastKnownFileType = sourcecode.cpp.cpp; name = PimScene.cpp; path = ../src/PimScene.cpp; sourceTree = "<group>"; };
		19B045151716E71D00E2A32E /* PimScene.h */ = {isa = PBXFileReference; fileEncoding = 4; lastKnownFileType = sourcecode.c.h; name = PimScene.h; path = ../src/PimScene.h; sourceTree = "<group>"; };
		19B045161716E71D00E2A32E /* PimShaderManager.cpp */ = {isa = PBXFileReference; fileEncoding = 4; lastKnownFileType = sourcecode.cpp.cpp; name = PimShaderManager.cpp; path = ../src/PimShaderManager.cpp; sourceTree = "<group>"; };
		19B045171716E71D00E2A32E /* PimShaderManager.h */ = {isa = PBXFileReference; fileEncoding = 4; lastKnownFileType = sourcecode.c.h; name = PimShaderManager.h; path = ../src/PimShaderManager.h; sourceTree = "<group>"; };
		19B045181716E71D00E2A32E /* PimSlider.cpp */ = {isa = PBXFileReference; fileEncoding = 4; lastKnownFileType = sourcecode.cpp.cpp; name = PimSlider.cpp; path = ../src/PimSlider.cpp; sourceTree = "<group>"; };
		19B045191716E71D00E2A32E /* PimSlider.h */ = {isa = PBXFileReference; fileEncoding = 4; lastKnownFileType = sourcecode.c.h; name = PimSlider.h; path = ../src/PimSlider.h; sourceTree = "<group>"; };
		19B0451A1716E71D00E2A32E /* PimSound.cpp */ = {isa = PBXFileReference; fileEncoding = 4; lastKnownFileType = sourcecode.cpp.cpp; name = PimSound.cpp; path = ../src/PimSound.cpp; sourceTree = "<group>"; };
		19B0451B1716E71D00E2A32E /* PimSound.h */ = {isa = PBXFileReference; fileEncoding = 4; lastKnownFileType = sourcecode.c.h; name = PimSound.h; path = ../src/PimSound.h; sourceTree = "<group>"; };
		19B0451C1716E71D00E2A32E /* PimSprite.cpp */ = {isa = PBXFileReference; fileEncoding = 4; lastKnownFileType = sourcecode.cpp.cpp; name = PimSprite.cpp; path = ../src/PimSprite.cpp; sourceTree = "<group>"; };
		19B0451D1716E71D00E2A32E /* PimSprite.h */ = {isa = PBXFileReference; fileEncoding = 4; lastKnownFileType = sourcecode.c.h; name = PimSprite.h; path = ../src/PimSprite.h; sourceTree = "<group>"; };
		19B0451E1716E71D00E2A32E /* PimSpriteBatchNode.cpp */ = {isa = PBXFileReference; fileEncoding = 4; lastKnownFileType = sourcecode.cpp.cpp; name = PimSpriteBatchNode.cpp; path = ../src/PimSpriteBatchNode.cpp; sourceTree = "<group>"; };
		19B0451F1716E71D00E2A32E /* PimSpriteBatchNode.h */ = {isa = PBXFileReference; fileEncoding = 4; lastKnownFileType = sourcecode.c.h; name = PimSpriteBatchNode.h; path = ../src/PimSpriteBatchNode.h; sourceTree = "<group>"; };
		19B045201716E71D00E2A32E /* PimVec2.cpp */ = {isa = PBXFileReference; fileEncoding = 4; lastKnownFileType = sourcecode.cpp.cpp; name = PimVec2.cpp; path = ../src/PimVec2.cpp; sourceTree = "<group>"; };
		19B045211716E71D00E2A32E /* PimVec2.h */ = {isa = PBXFileReference; fileEncoding = 4; lastKnownFileType = sourcecode.c.h; name = PimVec2.h; path = ../src/PimVec2.h; sourceTree = "<group>"; };
		19B045221716E71D00E2A32E /* PimWinStyle.cpp */ = {isa = PBXFileReference; fileEncoding = 4; lastKnownFileType = sourcecode.cpp.cpp; name = PimWinStyle.cpp; path = ../src/PimWinStyle.cpp; sourceTree = "<group>"; };
		19B045231716E71D00E2A32E /* PimWinStyle.h */ = {isa = PBXFileReference; fileEncoding = 4; lastKnownFileType = sourcecode.c.h; name = PimWinStyle.h; path = ../src/PimWinStyle.h; sourceTree = "<group>"; };
		19D2CA3D171A98FF00FA10C7 /* Pim.framework */ = {isa = PBXFileReference; explicitFileType = wrapper.framework; includeInIndex = 0; path = Pim.framework; sourceTree = BUILT_PRODUCTS_DIR; };
		19D2CA47171A98FF00FA10C7 /* Pim-Info.plist */ = {isa = PBXFileReference; lastKnownFileType = text.plist.xml; path = "Pim-Info.plist"; sourceTree = "<group>"; };
		19D2CA49171A98FF00FA10C7 /* en */ = {isa = PBXFileReference; lastKnownFileType = text.plist.strings; name = en; path = en.lproj/InfoPlist.strings; sourceTree = "<group>"; };
		19D2CA4B171A98FF00FA10C7 /* Pim-Prefix.pch */ = {isa = PBXFileReference; lastKnownFileType = sourcecode.c.h; path = "Pim-Prefix.pch"; sourceTree = "<group>"; };
		19D2CAB6171A9B6E00FA10C7 /* freetype */ = {isa = PBXFileReference; lastKnownFileType = folder; name = freetype; path = Pim/freetype; sourceTree = "<group>"; };
		19EB2D5916D12FCC0088B6B8 /* ft2build.h */ = {isa = PBXFileReference; fileEncoding = 4; lastKnownFileType = sourcecode.c.h; path = ft2build.h; sourceTree = "<group>"; };
		19EB2D5A16D12FCC0088B6B8 /* tinystr.cpp */ = {isa = PBXFileReference; fileEncoding = 4; lastKnownFileType = sourcecode.cpp.cpp; path = tinystr.cpp; sourceTree = "<group>"; };
		19EB2D5B16D12FCC0088B6B8 /* tinystr.h */ = {isa = PBXFileReference; fileEncoding = 4; lastKnownFileType = sourcecode.c.h; path = tinystr.h; sourceTree = "<group>"; };
		19EB2D5C16D12FCC0088B6B8 /* tinyxml.cpp */ = {isa = PBXFileReference; fileEncoding = 4; lastKnownFileType = sourcecode.cpp.cpp; path = tinyxml.cpp; sourceTree = "<group>"; };
		19EB2D5D16D12FCC0088B6B8 /* tinyxml.h */ = {isa = PBXFileReference; fileEncoding = 4; lastKnownFileType = sourcecode.c.h; path = tinyxml.h; sourceTree = "<group>"; };
		19EB2D5E16D12FCC0088B6B8 /* tinyxmlerror.cpp */ = {isa = PBXFileReference; fileEncoding = 4; lastKnownFileType = sourcecode.cpp.cpp; path = tinyxmlerror.cpp; sourceTree = "<group>"; };
		19EB2D5F16D12FCC0088B6B8 /* tinyxmlparser.cpp */ = {isa = PBXFileReference; fileEncoding = 4; lastKnownFileType = sourcecode.cpp.cpp; path = tinyxmlparser.cpp; sourceTree = "<group>"; };
/* End PBXFileReference section */

/* Begin PBXFrameworksBuildPhase section */
		19D2CA39171A98FF00FA10C7 /* Frameworks */ = {
			isa = PBXFrameworksBuildPhase;
			buildActionMask = 2147483647;
			files = (
				19D2CA8C171A9A6B00FA10C7 /* libbz2.1.0.5.dylib in Frameworks */,
				19D2CA8D171A9A6B00FA10C7 /* libz.1.1.3.dylib in Frameworks */,
				19D2CA8E171A9A6B00FA10C7 /* OpenAL.framework in Frameworks */,
				19D2CA8F171A9A6B00FA10C7 /* OpenGL.framework in Frameworks */,
				19D2CA90171A9A6B00FA10C7 /* libfreetype.a in Frameworks */,
				19D2CA91171A9A6B00FA10C7 /* libpng15.framework in Frameworks */,
				19D2CA92171A9A6B00FA10C7 /* Ogg.framework in Frameworks */,
				19D2CA93171A9A6B00FA10C7 /* SDL2.framework in Frameworks */,
				19D2CA94171A9A6B00FA10C7 /* Vorbis.framework in Frameworks */,
			);
			runOnlyForDeploymentPostprocessing = 0;
		};
/* End PBXFrameworksBuildPhase section */

/* Begin PBXGroup section */
		193B455716D1232B008F6C4F = {
			isa = PBXGroup;
			children = (
				193B456C16D12330008F6C4F /* Pim */,
				193B456116D1232B008F6C4F /* Products */,
			);
			sourceTree = "<group>";
		};
		193B456116D1232B008F6C4F /* Products */ = {
			isa = PBXGroup;
			children = (
				19D2CA3D171A98FF00FA10C7 /* Pim.framework */,
			);
			name = Products;
			sourceTree = "<group>";
		};
		193B456C16D12330008F6C4F /* Pim */ = {
			isa = PBXGroup;
			children = (
				19D2CA46171A98FF00FA10C7 /* Supporting Files */,
				19EB2D5816D12FB20088B6B8 /* Source */,
				193B45CC16D123BA008F6C4F /* Other Dependencies */,
				193B456D16D1233C008F6C4F /* Frameworks */,
			);
			name = Pim;
			sourceTree = "<group>";
		};
		193B456D16D1233C008F6C4F /* Frameworks */ = {
			isa = PBXGroup;
			children = (
				193B45E016D126F0008F6C4F /* Cocoa.framework */,
				193B45DE16D12492008F6C4F /* libbz2.1.0.5.dylib */,
				193B45DC16D1248E008F6C4F /* libz.1.1.3.dylib */,
				193B45DA16D1248B008F6C4F /* OpenAL.framework */,
				193B45D816D12487008F6C4F /* OpenGL.framework */,
				193B45C116D12385008F6C4F /* libfreetype.a */,
				193B45C216D12385008F6C4F /* libpng15.framework */,
				193B45C316D12385008F6C4F /* Ogg.framework */,
				193B45C416D12385008F6C4F /* SDL2.framework */,
				193B45C516D12385008F6C4F /* Vorbis.framework */,
			);
			name = Frameworks;
			sourceTree = "<group>";
		};
		193B45CC16D123BA008F6C4F /* Other Dependencies */ = {
			isa = PBXGroup;
			children = (
				19D2CAB6171A9B6E00FA10C7 /* freetype */,
				19EB2D5916D12FCC0088B6B8 /* ft2build.h */,
				19EB2D5A16D12FCC0088B6B8 /* tinystr.cpp */,
				19EB2D5B16D12FCC0088B6B8 /* tinystr.h */,
				19EB2D5C16D12FCC0088B6B8 /* tinyxml.cpp */,
				19EB2D5D16D12FCC0088B6B8 /* tinyxml.h */,
				19EB2D5E16D12FCC0088B6B8 /* tinyxmlerror.cpp */,
				19EB2D5F16D12FCC0088B6B8 /* tinyxmlparser.cpp */,
				193B45E216D1276C008F6C4F /* SDLMain.h */,
				193B45E316D1276C008F6C4F /* SDLMain.m */,
			);
			name = "Other Dependencies";
			sourceTree = "<group>";
		};
		197619EA171AC38800846515 /* Other */ = {
			isa = PBXGroup;
			children = (
				19B044EE1716E71D00E2A32E /* PimAssert.h */,
				19B044F31716E71D00E2A32E /* PimConsoleReader.cpp */,
				19B044F41716E71D00E2A32E /* PimConsoleReader.h */,
				19B044FB1716E71D00E2A32E /* PimHelperFunctions.h */,
				19B045031716E71D00E2A32E /* PimLevelParser.cpp */,
				19B045041716E71D00E2A32E /* PimLevelParser.h */,
				19B0450E1716E71D00E2A32E /* PimPolygonShape.cpp */,
				19B0450F1716E71D00E2A32E /* PimPolygonShape.h */,
				19B045201716E71D00E2A32E /* PimVec2.cpp */,
				19B045211716E71D00E2A32E /* PimVec2.h */,
				19B045221716E71D00E2A32E /* PimWinStyle.cpp */,
				19B045231716E71D00E2A32E /* PimWinStyle.h */,
			);
			name = Other;
			sourceTree = "<group>";
		};
		197619EB171AC38A00846515 /* Singletons */ = {
			isa = PBXGroup;
			children = (
				19B044EF1716E71D00E2A32E /* PimAudioManager.cpp */,
				19B044F01716E71D00E2A32E /* PimAudioManager.h */,
				19B044F71716E71D00E2A32E /* PimGameControl.cpp */,
				19B044F81716E71D00E2A32E /* PimGameControl.h */,
				19B044FC1716E71D00E2A32E /* PimInput.cpp */,
				19B044FD1716E71D00E2A32E /* PimInput.h */,
				19B045121716E71D00E2A32E /* PimRenderWindow.cpp */,
				19B045131716E71D00E2A32E /* PimRenderWindow.h */,
				19B045161716E71D00E2A32E /* PimShaderManager.cpp */,
				19B045171716E71D00E2A32E /* PimShaderManager.h */,
			);
			name = Singletons;
			sourceTree = "<group>";
		};
		197619EC171AC38D00846515 /* GUI */ = {
			isa = PBXGroup;
			children = (
				19B044F51716E71D00E2A32E /* PimFont.cpp */,
				19B044F61716E71D00E2A32E /* PimFont.h */,
				19B044FF1716E71D00E2A32E /* PimLabel.cpp */,
				19B045001716E71D00E2A32E /* PimLabel.h */,
				19B044F11716E71D00E2A32E /* PimButton.cpp */,
				19B044F21716E71D00E2A32E /* PimButton.h */,
				19B045181716E71D00E2A32E /* PimSlider.cpp */,
				19B045191716E71D00E2A32E /* PimSlider.h */,
			);
			name = GUI;
			sourceTree = "<group>";
		};
		197619ED171AC39000846515 /* Audio */ = {
			isa = PBXGroup;
			children = (
				19B0451A1716E71D00E2A32E /* PimSound.cpp */,
				19B0451B1716E71D00E2A32E /* PimSound.h */,
			);
			name = Audio;
			sourceTree = "<group>";
		};
		197619EE171AC39200846515 /* Base Nodes */ = {
			isa = PBXGroup;
			children = (
				197619EF171AC3BD00846515 /* Lighing System */,
				19B0451E1716E71D00E2A32E /* PimSpriteBatchNode.cpp */,
				19B0451F1716E71D00E2A32E /* PimSpriteBatchNode.h */,
				19B044EC1716E71D00E2A32E /* PimAction.cpp */,
				19B044ED1716E71D00E2A32E /* PimAction.h */,
				19B044F91716E71D00E2A32E /* PimGameNode.cpp */,
				19B044FA1716E71D00E2A32E /* PimGameNode.h */,
				19B045011716E71D00E2A32E /* PimLayer.cpp */,
				19B045021716E71D00E2A32E /* PimLayer.h */,
				19B0450A1716E71D00E2A32E /* PimNormalMap.cpp */,
				19B0450B1716E71D00E2A32E /* PimNormalMap.h */,
				19B0450C1716E71D00E2A32E /* PimParticleSystem.cpp */,
				19B0450D1716E71D00E2A32E /* PimParticleSystem.h */,
				19B045101716E71D00E2A32E /* PimRenderTexture.cpp */,
				19B045111716E71D00E2A32E /* PimRenderTexture.h */,
				19B045141716E71D00E2A32E /* PimScene.cpp */,
				19B045151716E71D00E2A32E /* PimScene.h */,
				19B0451C1716E71D00E2A32E /* PimSprite.cpp */,
				19B0451D1716E71D00E2A32E /* PimSprite.h */,
			);
			name = "Base Nodes";
			sourceTree = "<group>";
		};
		197619EF171AC3BD00846515 /* Lighing System */ = {
			isa = PBXGroup;
			children = (
				19B045051716E71D00E2A32E /* PimLightDef.cpp */,
				19B045061716E71D00E2A32E /* PimLightDef.h */,
				19B045071716E71D00E2A32E /* PimLightingSystem.cpp */,
				19B045081716E71D00E2A32E /* PimLightingSystem.h */,
				19B045091716E71D00E2A32E /* PimLightingSystemShaders.h */,
			);
			name = "Lighing System";
			sourceTree = "<group>";
		};
		19D2CA46171A98FF00FA10C7 /* Supporting Files */ = {
			isa = PBXGroup;
			children = (
				19D2CA47171A98FF00FA10C7 /* Pim-Info.plist */,
				19D2CA48171A98FF00FA10C7 /* InfoPlist.strings */,
				19D2CA4B171A98FF00FA10C7 /* Pim-Prefix.pch */,
			);
			name = "Supporting Files";
			path = Pim;
			sourceTree = "<group>";
		};
		19EB2D5816D12FB20088B6B8 /* Source */ = {
			isa = PBXGroup;
			children = (
				197619EE171AC39200846515 /* Base Nodes */,
				197619ED171AC39000846515 /* Audio */,
				197619EC171AC38D00846515 /* GUI */,
				197619EB171AC38A00846515 /* Singletons */,
				197619EA171AC38800846515 /* Other */,
				19B044EA1716E71D00E2A32E /* Pim.cpp */,
				19B044EB1716E71D00E2A32E /* Pim.h */,
				19B044FE1716E71D00E2A32E /* PimInternal.h */,
			);
			name = Source;
			sourceTree = "<group>";
		};
/* End PBXGroup section */

/* Begin PBXHeadersBuildPhase section */
		19D2CA3A171A98FF00FA10C7 /* Headers */ = {
			isa = PBXHeadersBuildPhase;
			buildActionMask = 2147483647;
			files = (
				19D2CA52171A99B300FA10C7 /* Pim.h in Headers */,
				19D2CAB8171A9D7800FA10C7 /* PimAction.h in Headers */,
				19D2CAB9171A9D7800FA10C7 /* PimAssert.h in Headers */,
				19D2CABA171A9D7800FA10C7 /* PimAudioManager.h in Headers */,
				19D2CABB171A9D7800FA10C7 /* PimButton.h in Headers */,
				19D2CABC171A9D7800FA10C7 /* PimConsoleReader.h in Headers */,
				19D2CABD171A9D7800FA10C7 /* PimFont.h in Headers */,
				19D2CABE171A9D7800FA10C7 /* PimGameControl.h in Headers */,
				19D2CABF171A9D7800FA10C7 /* PimGameNode.h in Headers */,
				19D2CAC0171A9D7800FA10C7 /* PimHelperFunctions.h in Headers */,
				19D2CAC1171A9D7800FA10C7 /* PimInput.h in Headers */,
				19D2CAC2171A9D7800FA10C7 /* PimInternal.h in Headers */,
				19D2CAC3171A9D7800FA10C7 /* PimLabel.h in Headers */,
				19D2CAC4171A9D7800FA10C7 /* PimLayer.h in Headers */,
				19D2CAC5171A9D7800FA10C7 /* PimLevelParser.h in Headers */,
				19D2CAC6171A9D7800FA10C7 /* PimLightDef.h in Headers */,
				19D2CAC7171A9D7800FA10C7 /* PimLightingSystem.h in Headers */,
				19D2CAC8171A9D7800FA10C7 /* PimLightingSystemShaders.h in Headers */,
				19D2CAC9171A9D7800FA10C7 /* PimNormalMap.h in Headers */,
				19D2CACA171A9D7800FA10C7 /* PimParticleSystem.h in Headers */,
				19D2CACB171A9D7800FA10C7 /* PimPolygonShape.h in Headers */,
				19D2CACC171A9D7800FA10C7 /* PimRenderTexture.h in Headers */,
				19D2CACD171A9D7800FA10C7 /* PimRenderWindow.h in Headers */,
				19D2CACE171A9D7800FA10C7 /* PimScene.h in Headers */,
				19D2CACF171A9D7800FA10C7 /* PimShaderManager.h in Headers */,
				19D2CAD0171A9D7800FA10C7 /* PimSlider.h in Headers */,
				19D2CAD1171A9D7800FA10C7 /* PimSound.h in Headers */,
				19D2CAD2171A9D7800FA10C7 /* PimSprite.h in Headers */,
				19D2CAD3171A9D7800FA10C7 /* PimSpriteBatchNode.h in Headers */,
				19D2CAD4171A9D7800FA10C7 /* PimVec2.h in Headers */,
				19D2CAD5171A9D7800FA10C7 /* PimWinStyle.h in Headers */,
				19D2CA71171A99CC00FA10C7 /* ft2build.h in Headers */,
				19D2CA72171A99CC00FA10C7 /* tinystr.h in Headers */,
				19D2CA73171A99CC00FA10C7 /* tinyxml.h in Headers */,
				19D2CA74171A99CC00FA10C7 /* SDLMain.h in Headers */,
			);
			runOnlyForDeploymentPostprocessing = 0;
		};
/* End PBXHeadersBuildPhase section */

/* Begin PBXNativeTarget section */
		19D2CA3C171A98FF00FA10C7 /* Pim */ = {
			isa = PBXNativeTarget;
			buildConfigurationList = 19D2CA4F171A98FF00FA10C7 /* Build configuration list for PBXNativeTarget "Pim" */;
			buildPhases = (
				19D2CA38171A98FF00FA10C7 /* Sources */,
				19D2CA39171A98FF00FA10C7 /* Frameworks */,
				19D2CA3A171A98FF00FA10C7 /* Headers */,
				19D2CA3B171A98FF00FA10C7 /* Resources */,
				19D2CAD8171AA33F00FA10C7 /* ShellScript */,
			);
			buildRules = (
			);
			dependencies = (
			);
			name = Pim;
			productName = Pim;
			productReference = 19D2CA3D171A98FF00FA10C7 /* Pim.framework */;
			productType = "com.apple.product-type.framework";
		};
/* End PBXNativeTarget section */

/* Begin PBXProject section */
		193B455816D1232B008F6C4F /* Project object */ = {
			isa = PBXProject;
			attributes = {
				LastUpgradeCheck = 0460;
				ORGANIZATIONNAME = "Joakim Stien";
			};
			buildConfigurationList = 193B455B16D1232B008F6C4F /* Build configuration list for PBXProject "Pim" */;
			compatibilityVersion = "Xcode 3.2";
			developmentRegion = English;
			hasScannedForEncodings = 0;
			knownRegions = (
				en,
			);
			mainGroup = 193B455716D1232B008F6C4F;
			productRefGroup = 193B456116D1232B008F6C4F /* Products */;
			projectDirPath = "";
			projectRoot = "";
			targets = (
				19D2CA3C171A98FF00FA10C7 /* Pim */,
			);
		};
/* End PBXProject section */

/* Begin PBXResourcesBuildPhase section */
		19D2CA3B171A98FF00FA10C7 /* Resources */ = {
			isa = PBXResourcesBuildPhase;
			buildActionMask = 2147483647;
			files = (
				19D2CA4A171A98FF00FA10C7 /* InfoPlist.strings in Resources */,
				19D2CAB7171A9B6E00FA10C7 /* freetype in Resources */,
			);
			runOnlyForDeploymentPostprocessing = 0;
		};
/* End PBXResourcesBuildPhase section */

/* Begin PBXShellScriptBuildPhase section */
		19D2CAD8171AA33F00FA10C7 /* ShellScript */ = {
			isa = PBXShellScriptBuildPhase;
			buildActionMask = 2147483647;
			files = (
			);
			inputPaths = (
			);
			outputPaths = (
			);
			runOnlyForDeploymentPostprocessing = 0;
			shellPath = /bin/sh;
			shellScript = "#!/bin/sh\n\n# Move the freetype folder from the resource folder to the header folder inside the framework\nif [ -d \"build/Pim.framework/Versions/A/resources/freetype\" ]; then\n\tif [ -d \"build/Pim.framework/Versions/A/headers/freetype\" ]; then\n\t\trm -rf build/Pim.framework/Versions/A/headers/freetype\n\tfi\n\n\tmv build/Pim.framework/Versions/A/resources/freetype build/Pim.framework/Versions/A/headers\nfi";
			showEnvVarsInLog = 0;
		};
/* End PBXShellScriptBuildPhase section */

/* Begin PBXSourcesBuildPhase section */
		19D2CA38171A98FF00FA10C7 /* Sources */ = {
			isa = PBXSourcesBuildPhase;
			buildActionMask = 2147483647;
			files = (
				19D2CA95171A9ACE00FA10C7 /* Pim.cpp in Sources */,
				19D2CA96171A9ACE00FA10C7 /* PimAction.cpp in Sources */,
				19D2CA97171A9ACE00FA10C7 /* PimAudioManager.cpp in Sources */,
				19D2CA98171A9ACE00FA10C7 /* PimButton.cpp in Sources */,
				19D2CA99171A9ACE00FA10C7 /* PimConsoleReader.cpp in Sources */,
				19D2CA9A171A9ACE00FA10C7 /* PimFont.cpp in Sources */,
				19D2CA9B171A9ACE00FA10C7 /* PimGameControl.cpp in Sources */,
				19D2CA9C171A9ACE00FA10C7 /* PimGameNode.cpp in Sources */,
				19D2CA9D171A9ACE00FA10C7 /* PimInput.cpp in Sources */,
				19D2CA9E171A9ACE00FA10C7 /* PimLabel.cpp in Sources */,
				19D2CA9F171A9ACE00FA10C7 /* PimLayer.cpp in Sources */,
				19D2CAA0171A9ACE00FA10C7 /* PimLevelParser.cpp in Sources */,
				19D2CAA1171A9ACE00FA10C7 /* PimLightDef.cpp in Sources */,
				19D2CAA2171A9ACE00FA10C7 /* PimLightingSystem.cpp in Sources */,
				19D2CAA3171A9ACE00FA10C7 /* PimNormalMap.cpp in Sources */,
				19D2CAA4171A9ACE00FA10C7 /* PimParticleSystem.cpp in Sources */,
				19D2CAA5171A9ACE00FA10C7 /* PimPolygonShape.cpp in Sources */,
				19D2CAA6171A9ACE00FA10C7 /* PimRenderTexture.cpp in Sources */,
				19D2CAA7171A9ACE00FA10C7 /* PimRenderWindow.cpp in Sources */,
				19D2CAA8171A9ACE00FA10C7 /* PimScene.cpp in Sources */,
				19D2CAA9171A9ACE00FA10C7 /* PimShaderManager.cpp in Sources */,
				19D2CAAA171A9ACE00FA10C7 /* PimSlider.cpp in Sources */,
				19D2CAAB171A9ACE00FA10C7 /* PimSound.cpp in Sources */,
				19D2CAAC171A9ACE00FA10C7 /* PimSprite.cpp in Sources */,
				19D2CAAD171A9ACE00FA10C7 /* PimSpriteBatchNode.cpp in Sources */,
				19D2CAAE171A9ACE00FA10C7 /* PimVec2.cpp in Sources */,
				19D2CAAF171A9ACE00FA10C7 /* PimWinStyle.cpp in Sources */,
				19D2CAB0171A9ACE00FA10C7 /* tinystr.cpp in Sources */,
				19D2CAB1171A9ACE00FA10C7 /* tinyxml.cpp in Sources */,
				19D2CAB2171A9ACE00FA10C7 /* tinyxmlerror.cpp in Sources */,
				19D2CAB3171A9ACE00FA10C7 /* tinyxmlparser.cpp in Sources */,
			);
			runOnlyForDeploymentPostprocessing = 0;
		};
/* End PBXSourcesBuildPhase section */

/* Begin PBXVariantGroup section */
		19D2CA48171A98FF00FA10C7 /* InfoPlist.strings */ = {
			isa = PBXVariantGroup;
			children = (
				19D2CA49171A98FF00FA10C7 /* en */,
			);
			name = InfoPlist.strings;
			sourceTree = "<group>";
		};
/* End PBXVariantGroup section */

/* Begin XCBuildConfiguration section */
		193B456716D1232B008F6C4F /* Debug */ = {
			isa = XCBuildConfiguration;
			buildSettings = {
				ALWAYS_SEARCH_USER_PATHS = YES;
				ARCHS = "$(ARCHS_STANDARD_64_BIT)";
				CLANG_CXX_LANGUAGE_STANDARD = "gnu++0x";
				CLANG_CXX_LIBRARY = "libc++";
				CLANG_WARN_CONSTANT_CONVERSION = YES;
				CLANG_WARN_EMPTY_BODY = YES;
				CLANG_WARN_ENUM_CONVERSION = YES;
				CLANG_WARN_INT_CONVERSION = YES;
				CLANG_WARN__DUPLICATE_METHOD_MATCH = YES;
				COPY_PHASE_STRIP = NO;
				GCC_C_LANGUAGE_STANDARD = gnu99;
				GCC_DYNAMIC_NO_PIC = NO;
				GCC_ENABLE_OBJC_EXCEPTIONS = YES;
				GCC_OPTIMIZATION_LEVEL = 0;
				GCC_PREPROCESSOR_DEFINITIONS = (
					"DEBUG=1",
					"$(inherited)",
				);
				GCC_SYMBOLS_PRIVATE_EXTERN = NO;
				GCC_WARN_64_TO_32_BIT_CONVERSION = YES;
				GCC_WARN_ABOUT_RETURN_TYPE = YES;
				GCC_WARN_UNINITIALIZED_AUTOS = YES;
				GCC_WARN_UNUSED_VARIABLE = YES;
				HEADER_SEARCH_PATHS = /Users/Pimms/Downloads/Box2D_v2.2.1;
				MACOSX_DEPLOYMENT_TARGET = 10.8;
				ONLY_ACTIVE_ARCH = YES;
				SDKROOT = macosx10.7;
				VALID_ARCHS = x86_64;
			};
			name = Debug;
		};
		193B456816D1232B008F6C4F /* Release */ = {
			isa = XCBuildConfiguration;
			buildSettings = {
				ALWAYS_SEARCH_USER_PATHS = YES;
				ARCHS = "$(ARCHS_STANDARD_64_BIT)";
				CLANG_CXX_LANGUAGE_STANDARD = "gnu++0x";
				CLANG_CXX_LIBRARY = "libc++";
				CLANG_WARN_CONSTANT_CONVERSION = YES;
				CLANG_WARN_EMPTY_BODY = YES;
				CLANG_WARN_ENUM_CONVERSION = YES;
				CLANG_WARN_INT_CONVERSION = YES;
				CLANG_WARN__DUPLICATE_METHOD_MATCH = YES;
				COPY_PHASE_STRIP = YES;
				DEBUG_INFORMATION_FORMAT = "dwarf-with-dsym";
				GCC_C_LANGUAGE_STANDARD = gnu99;
				GCC_ENABLE_OBJC_EXCEPTIONS = YES;
				GCC_WARN_64_TO_32_BIT_CONVERSION = YES;
				GCC_WARN_ABOUT_RETURN_TYPE = YES;
				GCC_WARN_UNINITIALIZED_AUTOS = YES;
				GCC_WARN_UNUSED_VARIABLE = YES;
				HEADER_SEARCH_PATHS = /Users/Pimms/Downloads/Box2D_v2.2.1;
				MACOSX_DEPLOYMENT_TARGET = 10.8;
				SDKROOT = macosx10.7;
				VALID_ARCHS = x86_64;
			};
			name = Release;
		};
		19D2CA50171A98FF00FA10C7 /* Debug */ = {
			isa = XCBuildConfiguration;
			buildSettings = {
				ALWAYS_SEARCH_USER_PATHS = NO;
				COMBINE_HIDPI_IMAGES = YES;
				CONFIGURATION_BUILD_DIR = "$(SRCROOT)/build";
				CONFIGURATION_TEMP_DIR = "$(SRCROOT)/build";
				DEPLOYMENT_LOCATION = YES;
				DSTROOT = /;
				DYLIB_COMPATIBILITY_VERSION = 1;
				DYLIB_CURRENT_VERSION = 1;
				FRAMEWORK_SEARCH_PATHS = (
					"$(inherited)",
					"\"$(SRCROOT)\"",
				);
				FRAMEWORK_VERSION = A;
				GCC_PRECOMPILE_PREFIX_HEADER = YES;
				GCC_PREFIX_HEADER = "Pim/Pim-Prefix.pch";
				GCC_PREPROCESSOR_DEFINITIONS = (
					"_DEBUG=1",
					"$(inherited)",
				);
				HEADER_SEARCH_PATHS = "$(SRCROOT)/**";
				INFOPLIST_FILE = "Pim/Pim-Info.plist";
				LIBRARY_SEARCH_PATHS = (
					"$(inherited)",
					"\"$(SRCROOT)\"",
				);
				PRODUCT_NAME = "$(TARGET_NAME)";
				SDKROOT = macosx;
				WRAPPER_EXTENSION = framework;
			};
			name = Debug;
		};
		19D2CA51171A98FF00FA10C7 /* Release */ = {
			isa = XCBuildConfiguration;
			buildSettings = {
				ALWAYS_SEARCH_USER_PATHS = NO;
				COMBINE_HIDPI_IMAGES = YES;
				CONFIGURATION_BUILD_DIR = "$(SRCROOT)/build";
				CONFIGURATION_TEMP_DIR = "$(SRCROOT)/build";
				DEPLOYMENT_LOCATION = YES;
				DSTROOT = /;
				DYLIB_COMPATIBILITY_VERSION = 1;
				DYLIB_CURRENT_VERSION = 1;
				FRAMEWORK_SEARCH_PATHS = (
					"$(inherited)",
					"\"$(SRCROOT)\"",
				);
				FRAMEWORK_VERSION = A;
				GCC_PRECOMPILE_PREFIX_HEADER = YES;
				GCC_PREFIX_HEADER = "Pim/Pim-Prefix.pch";
				HEADER_SEARCH_PATHS = "$(SRCROOT)/**";
				INFOPLIST_FILE = "Pim/Pim-Info.plist";
				LIBRARY_SEARCH_PATHS = (
					"$(inherited)",
					"\"$(SRCROOT)\"",
				);
				PRODUCT_NAME = "$(TARGET_NAME)";
				SDKROOT = macosx;
				WRAPPER_EXTENSION = framework;
			};
			name = Release;
		};
/* End XCBuildConfiguration section */

/* Begin XCConfigurationList section */
		193B455B16D1232B008F6C4F /* Build configuration list for PBXProject "Pim" */ = {
			isa = XCConfigurationList;
			buildConfigurations = (
				193B456716D1232B008F6C4F /* Debug */,
				193B456816D1232B008F6C4F /* Release */,
			);
			defaultConfigurationIsVisible = 0;
			defaultConfigurationName = Release;
		};
		19D2CA4F171A98FF00FA10C7 /* Build configuration list for PBXNativeTarget "Pim" */ = {
			isa = XCConfigurationList;
			buildConfigurations = (
				19D2CA50171A98FF00FA10C7 /* Debug */,
				19D2CA51171A98FF00FA10C7 /* Release */,
			);
			defaultConfigurationIsVisible = 0;
			defaultConfigurationName = Release;
		};
/* End XCConfigurationList section */
	};
	rootObject = 193B455816D1232B008F6C4F /* Project object */;
}
