// !$*UTF8*$!
{
	archiveVersion = 1;
	classes = {
	};
	objectVersion = 46;
	objects = {

/* Begin PBXBuildFile section */
		191B926716BE654A00AB317D /* Cocoa.framework in Frameworks */ = {isa = PBXBuildFile; fileRef = 191B926616BE654A00AB317D /* Cocoa.framework */; };
		191B927116BE654A00AB317D /* InfoPlist.strings in Resources */ = {isa = PBXBuildFile; fileRef = 191B926F16BE654A00AB317D /* InfoPlist.strings */; };
		191B927516BE654A00AB317D /* PimOSX.m in Sources */ = {isa = PBXBuildFile; fileRef = 191B927416BE654A00AB317D /* PimOSX.m */; };
/* End PBXBuildFile section */

/* Begin PBXFileReference section */
		191B926316BE654A00AB317D /* PimOSX.framework */ = {isa = PBXFileReference; explicitFileType = wrapper.framework; includeInIndex = 0; path = PimOSX.framework; sourceTree = BUILT_PRODUCTS_DIR; };
		191B926616BE654A00AB317D /* Cocoa.framework */ = {isa = PBXFileReference; lastKnownFileType = wrapper.framework; name = Cocoa.framework; path = System/Library/Frameworks/Cocoa.framework; sourceTree = SDKROOT; };
		191B926916BE654A00AB317D /* AppKit.framework */ = {isa = PBXFileReference; lastKnownFileType = wrapper.framework; name = AppKit.framework; path = System/Library/Frameworks/AppKit.framework; sourceTree = SDKROOT; };
		191B926A16BE654A00AB317D /* CoreData.framework */ = {isa = PBXFileReference; lastKnownFileType = wrapper.framework; name = CoreData.framework; path = System/Library/Frameworks/CoreData.framework; sourceTree = SDKROOT; };
		191B926B16BE654A00AB317D /* Foundation.framework */ = {isa = PBXFileReference; lastKnownFileType = wrapper.framework; name = Foundation.framework; path = System/Library/Frameworks/Foundation.framework; sourceTree = SDKROOT; };
		191B926E16BE654A00AB317D /* PimOSX-Info.plist */ = {isa = PBXFileReference; lastKnownFileType = text.plist.xml; path = "PimOSX-Info.plist"; sourceTree = "<group>"; };
		191B927016BE654A00AB317D /* en */ = {isa = PBXFileReference; lastKnownFileType = text.plist.strings; name = en; path = en.lproj/InfoPlist.strings; sourceTree = "<group>"; };
		191B927216BE654A00AB317D /* PimOSX-Prefix.pch */ = {isa = PBXFileReference; lastKnownFileType = sourcecode.c.h; path = "PimOSX-Prefix.pch"; sourceTree = "<group>"; };
		191B927316BE654A00AB317D /* PimOSX.h */ = {isa = PBXFileReference; lastKnownFileType = sourcecode.c.h; path = PimOSX.h; sourceTree = "<group>"; };
		191B927416BE654A00AB317D /* PimOSX.m */ = {isa = PBXFileReference; lastKnownFileType = sourcecode.c.objc; path = PimOSX.m; sourceTree = "<group>"; };
/* End PBXFileReference section */

/* Begin PBXFrameworksBuildPhase section */
		191B925F16BE654A00AB317D /* Frameworks */ = {
			isa = PBXFrameworksBuildPhase;
			buildActionMask = 2147483647;
			files = (
				191B926716BE654A00AB317D /* Cocoa.framework in Frameworks */,
			);
			runOnlyForDeploymentPostprocessing = 0;
		};
/* End PBXFrameworksBuildPhase section */

/* Begin PBXGroup section */
		191B925916BE654A00AB317D = {
			isa = PBXGroup;
			children = (
				191B926C16BE654A00AB317D /* PimOSX */,
				191B926516BE654A00AB317D /* Frameworks */,
				191B926416BE654A00AB317D /* Products */,
			);
			sourceTree = "<group>";
		};
		191B926416BE654A00AB317D /* Products */ = {
			isa = PBXGroup;
			children = (
				191B926316BE654A00AB317D /* PimOSX.framework */,
			);
			name = Products;
			sourceTree = "<group>";
		};
		191B926516BE654A00AB317D /* Frameworks */ = {
			isa = PBXGroup;
			children = (
				191B926616BE654A00AB317D /* Cocoa.framework */,
				191B926816BE654A00AB317D /* Other Frameworks */,
			);
			name = Frameworks;
			sourceTree = "<group>";
		};
		191B926816BE654A00AB317D /* Other Frameworks */ = {
			isa = PBXGroup;
			children = (
				191B926916BE654A00AB317D /* AppKit.framework */,
				191B926A16BE654A00AB317D /* CoreData.framework */,
				191B926B16BE654A00AB317D /* Foundation.framework */,
			);
			name = "Other Frameworks";
			sourceTree = "<group>";
		};
		191B926C16BE654A00AB317D /* PimOSX */ = {
			isa = PBXGroup;
			children = (
				191B927316BE654A00AB317D /* PimOSX.h */,
				191B927416BE654A00AB317D /* PimOSX.m */,
				191B926D16BE654A00AB317D /* Supporting Files */,
			);
			path = PimOSX;
			sourceTree = "<group>";
		};
		191B926D16BE654A00AB317D /* Supporting Files */ = {
			isa = PBXGroup;
			children = (
				191B926E16BE654A00AB317D /* PimOSX-Info.plist */,
				191B926F16BE654A00AB317D /* InfoPlist.strings */,
				191B927216BE654A00AB317D /* PimOSX-Prefix.pch */,
			);
			name = "Supporting Files";
			sourceTree = "<group>";
		};
/* End PBXGroup section */

/* Begin PBXHeadersBuildPhase section */
		191B926016BE654A00AB317D /* Headers */ = {
			isa = PBXHeadersBuildPhase;
			buildActionMask = 2147483647;
			files = (
			);
			runOnlyForDeploymentPostprocessing = 0;
		};
/* End PBXHeadersBuildPhase section */

/* Begin PBXNativeTarget section */
		191B926216BE654A00AB317D /* PimOSX */ = {
			isa = PBXNativeTarget;
			buildConfigurationList = 191B927816BE654A00AB317D /* Build configuration list for PBXNativeTarget "PimOSX" */;
			buildPhases = (
				191B925E16BE654A00AB317D /* Sources */,
				191B925F16BE654A00AB317D /* Frameworks */,
				191B926016BE654A00AB317D /* Headers */,
				191B926116BE654A00AB317D /* Resources */,
			);
			buildRules = (
			);
			dependencies = (
			);
			name = PimOSX;
			productName = PimOSX;
			productReference = 191B926316BE654A00AB317D /* PimOSX.framework */;
			productType = "com.apple.product-type.framework";
		};
/* End PBXNativeTarget section */

/* Begin PBXProject section */
		191B925A16BE654A00AB317D /* Project object */ = {
			isa = PBXProject;
			attributes = {
				LastUpgradeCheck = 0460;
				ORGANIZATIONNAME = "Joakim Stien";
			};
			buildConfigurationList = 191B925D16BE654A00AB317D /* Build configuration list for PBXProject "PimOSX" */;
			compatibilityVersion = "Xcode 3.2";
			developmentRegion = English;
			hasScannedForEncodings = 0;
			knownRegions = (
				en,
			);
			mainGroup = 191B925916BE654A00AB317D;
			productRefGroup = 191B926416BE654A00AB317D /* Products */;
			projectDirPath = "";
			projectRoot = "";
			targets = (
				191B926216BE654A00AB317D /* PimOSX */,
			);
		};
/* End PBXProject section */

/* Begin PBXResourcesBuildPhase section */
		191B926116BE654A00AB317D /* Resources */ = {
			isa = PBXResourcesBuildPhase;
			buildActionMask = 2147483647;
			files = (
				191B927116BE654A00AB317D /* InfoPlist.strings in Resources */,
			);
			runOnlyForDeploymentPostprocessing = 0;
		};
/* End PBXResourcesBuildPhase section */

/* Begin PBXSourcesBuildPhase section */
		191B925E16BE654A00AB317D /* Sources */ = {
			isa = PBXSourcesBuildPhase;
			buildActionMask = 2147483647;
			files = (
				191B927516BE654A00AB317D /* PimOSX.m in Sources */,
			);
			runOnlyForDeploymentPostprocessing = 0;
		};
/* End PBXSourcesBuildPhase section */

/* Begin PBXVariantGroup section */
		191B926F16BE654A00AB317D /* InfoPlist.strings */ = {
			isa = PBXVariantGroup;
			children = (
				191B927016BE654A00AB317D /* en */,
			);
			name = InfoPlist.strings;
			sourceTree = "<group>";
		};
/* End PBXVariantGroup section */

/* Begin XCBuildConfiguration section */
		191B927616BE654A00AB317D /* Debug */ = {
			isa = XCBuildConfiguration;
			buildSettings = {
				ALWAYS_SEARCH_USER_PATHS = NO;
				ARCHS = "$(ARCHS_STANDARD_64_BIT)";
				CLANG_CXX_LANGUAGE_STANDARD = "gnu++0x";
				CLANG_CXX_LIBRARY = "libc++";
				CLANG_WARN_CONSTANT_CONVERSION = YES;
				CLANG_WARN_EMPTY_BODY = YES;
				CLANG_WARN_ENUM_CONVERSION = YES;
				CLANG_WARN_INT_CONVERSION = YES;
				CLANG_WARN__DUPLICATE_METHOD_MATCH = YES;
				COPY_PHASE_STRIP = NO;
				GCC_C_LANGUAGE_STANDARD = gnu99;
				GCC_DYNAMIC_NO_PIC = NO;
				GCC_ENABLE_OBJC_EXCEPTIONS = YES;
				GCC_OPTIMIZATION_LEVEL = 0;
				GCC_PREPROCESSOR_DEFINITIONS = (
					"DEBUG=1",
					"$(inherited)",
				);
				GCC_SYMBOLS_PRIVATE_EXTERN = NO;
				GCC_WARN_64_TO_32_BIT_CONVERSION = YES;
				GCC_WARN_ABOUT_RETURN_TYPE = YES;
				GCC_WARN_UNINITIALIZED_AUTOS = YES;
				GCC_WARN_UNUSED_VARIABLE = YES;
				MACOSX_DEPLOYMENT_TARGET = 10.8;
				ONLY_ACTIVE_ARCH = YES;
				SDKROOT = macosx;
			};
			name = Debug;
		};
		191B927716BE654A00AB317D /* Release */ = {
			isa = XCBuildConfiguration;
			buildSettings = {
				ALWAYS_SEARCH_USER_PATHS = NO;
				ARCHS = "$(ARCHS_STANDARD_64_BIT)";
				CLANG_CXX_LANGUAGE_STANDARD = "gnu++0x";
				CLANG_CXX_LIBRARY = "libc++";
				CLANG_WARN_CONSTANT_CONVERSION = YES;
				CLANG_WARN_EMPTY_BODY = YES;
				CLANG_WARN_ENUM_CONVERSION = YES;
				CLANG_WARN_INT_CONVERSION = YES;
				CLANG_WARN__DUPLICATE_METHOD_MATCH = YES;
				COPY_PHASE_STRIP = YES;
				DEBUG_INFORMATION_FORMAT = "dwarf-with-dsym";
				GCC_C_LANGUAGE_STANDARD = gnu99;
				GCC_ENABLE_OBJC_EXCEPTIONS = YES;
				GCC_WARN_64_TO_32_BIT_CONVERSION = YES;
				GCC_WARN_ABOUT_RETURN_TYPE = YES;
				GCC_WARN_UNINITIALIZED_AUTOS = YES;
				GCC_WARN_UNUSED_VARIABLE = YES;
				MACOSX_DEPLOYMENT_TARGET = 10.8;
				SDKROOT = macosx;
			};
			name = Release;
		};
		191B927916BE654A00AB317D /* Debug */ = {
			isa = XCBuildConfiguration;
			buildSettings = {
				COMBINE_HIDPI_IMAGES = YES;
				DYLIB_COMPATIBILITY_VERSION = 1;
				DYLIB_CURRENT_VERSION = 1;
				FRAMEWORK_VERSION = A;
				GCC_PRECOMPILE_PREFIX_HEADER = YES;
				GCC_PREFIX_HEADER = "PimOSX/PimOSX-Prefix.pch";
				INFOPLIST_FILE = "PimOSX/PimOSX-Info.plist";
				PRODUCT_NAME = "$(TARGET_NAME)";
				WRAPPER_EXTENSION = framework;
			};
			name = Debug;
		};
		191B927A16BE654A00AB317D /* Release */ = {
			isa = XCBuildConfiguration;
			buildSettings = {
				COMBINE_HIDPI_IMAGES = YES;
				DYLIB_COMPATIBILITY_VERSION = 1;
				DYLIB_CURRENT_VERSION = 1;
				FRAMEWORK_VERSION = A;
				GCC_PRECOMPILE_PREFIX_HEADER = YES;
				GCC_PREFIX_HEADER = "PimOSX/PimOSX-Prefix.pch";
				INFOPLIST_FILE = "PimOSX/PimOSX-Info.plist";
				PRODUCT_NAME = "$(TARGET_NAME)";
				WRAPPER_EXTENSION = framework;
			};
			name = Release;
		};
/* End XCBuildConfiguration section */

/* Begin XCConfigurationList section */
		191B925D16BE654A00AB317D /* Build configuration list for PBXProject "PimOSX" */ = {
			isa = XCConfigurationList;
			buildConfigurations = (
				191B927616BE654A00AB317D /* Debug */,
				191B927716BE654A00AB317D /* Release */,
			);
			defaultConfigurationIsVisible = 0;
			defaultConfigurationName = Release;
		};
		191B927816BE654A00AB317D /* Build configuration list for PBXNativeTarget "PimOSX" */ = {
			isa = XCConfigurationList;
			buildConfigurations = (
				191B927916BE654A00AB317D /* Debug */,
				191B927A16BE654A00AB317D /* Release */,
			);
			defaultConfigurationIsVisible = 0;
		};
/* End XCConfigurationList section */
	};
	rootObject = 191B925A16BE654A00AB317D /* Project object */;
}
