// !$*UTF8*$!
{
	archiveVersion = 1;
	classes = {
	};
	objectVersion = 46;
	objects = {

/* Begin PBXBuildFile section */
		192D131A16D2FA8900AE197E /* Actor.cpp in Sources */ = {isa = PBXBuildFile; fileRef = 192D12EA16D2FA8900AE197E /* Actor.cpp */; };
		192D131B16D2FA8900AE197E /* BanditChest.cpp in Sources */ = {isa = PBXBuildFile; fileRef = 192D12EC16D2FA8900AE197E /* BanditChest.cpp */; };
		192D131C16D2FA8900AE197E /* Chest.cpp in Sources */ = {isa = PBXBuildFile; fileRef = 192D12EE16D2FA8900AE197E /* Chest.cpp */; };
		192D131D16D2FA8900AE197E /* Door.cpp in Sources */ = {isa = PBXBuildFile; fileRef = 192D12F016D2FA8900AE197E /* Door.cpp */; };
		192D131E16D2FA8900AE197E /* Entity.cpp in Sources */ = {isa = PBXBuildFile; fileRef = 192D12F216D2FA8900AE197E /* Entity.cpp */; };
		192D131F16D2FA8900AE197E /* GameLayer.cpp in Sources */ = {isa = PBXBuildFile; fileRef = 192D12F416D2FA8900AE197E /* GameLayer.cpp */; };
		192D132016D2FA8900AE197E /* GameOverLayer.cpp in Sources */ = {isa = PBXBuildFile; fileRef = 192D12F616D2FA8900AE197E /* GameOverLayer.cpp */; };
		192D132116D2FA8900AE197E /* GameScene.cpp in Sources */ = {isa = PBXBuildFile; fileRef = 192D12F816D2FA8900AE197E /* GameScene.cpp */; };
		192D132216D2FA8900AE197E /* Guard.cpp in Sources */ = {isa = PBXBuildFile; fileRef = 192D12FA16D2FA8900AE197E /* Guard.cpp */; };
		192D132316D2FA8900AE197E /* GuardHelperObjects.cpp in Sources */ = {isa = PBXBuildFile; fileRef = 192D12FC16D2FA8900AE197E /* GuardHelperObjects.cpp */; };
		192D132416D2FA8900AE197E /* HighScoreLayer.cpp in Sources */ = {isa = PBXBuildFile; fileRef = 192D12FE16D2FA8900AE197E /* HighScoreLayer.cpp */; };
		192D132516D2FA8900AE197E /* HUDLayer.cpp in Sources */ = {isa = PBXBuildFile; fileRef = 192D130016D2FA8900AE197E /* HUDLayer.cpp */; };
		192D132616D2FA8900AE197E /* Lever.cpp in Sources */ = {isa = PBXBuildFile; fileRef = 192D130216D2FA8900AE197E /* Lever.cpp */; };
		192D132716D2FA8900AE197E /* LootBag.cpp in Sources */ = {isa = PBXBuildFile; fileRef = 192D130516D2FA8900AE197E /* LootBag.cpp */; };
		192D132816D2FA8900AE197E /* MainMenuLayer.cpp in Sources */ = {isa = PBXBuildFile; fileRef = 192D130716D2FA8900AE197E /* MainMenuLayer.cpp */; };
		192D132916D2FA8900AE197E /* MainMenuScene.cpp in Sources */ = {isa = PBXBuildFile; fileRef = 192D130916D2FA8900AE197E /* MainMenuScene.cpp */; };
		192D132A16D2FA8900AE197E /* MenuButton.cpp in Sources */ = {isa = PBXBuildFile; fileRef = 192D130B16D2FA8900AE197E /* MenuButton.cpp */; };
		192D132B16D2FA8900AE197E /* NameInput.cpp in Sources */ = {isa = PBXBuildFile; fileRef = 192D130D16D2FA8900AE197E /* NameInput.cpp */; };
		192D132C16D2FA8900AE197E /* PathNodeManager.cpp in Sources */ = {isa = PBXBuildFile; fileRef = 192D130F16D2FA8900AE197E /* PathNodeManager.cpp */; };
		192D132D16D2FA8900AE197E /* Player.cpp in Sources */ = {isa = PBXBuildFile; fileRef = 192D131116D2FA8900AE197E /* Player.cpp */; };
		192D132E16D2FA8900AE197E /* Plunder.cpp in Sources */ = {isa = PBXBuildFile; fileRef = 192D131316D2FA8900AE197E /* Plunder.cpp */; };
		192D132F16D2FA8900AE197E /* Underground.cpp in Sources */ = {isa = PBXBuildFile; fileRef = 192D131816D2FA8900AE197E /* Underground.cpp */; };
		193B456416D1232B008F6C4F /* main.cpp in Sources */ = {isa = PBXBuildFile; fileRef = 193B456316D1232B008F6C4F /* main.cpp */; };
		193B456616D1232B008F6C4F /* Pim_osxtemplate.1 in CopyFiles */ = {isa = PBXBuildFile; fileRef = 193B456516D1232B008F6C4F /* Pim_osxtemplate.1 */; };
		193B45C616D12385008F6C4F /* libfreetype.a in Frameworks */ = {isa = PBXBuildFile; fileRef = 193B45C116D12385008F6C4F /* libfreetype.a */; };
		193B45C716D12385008F6C4F /* libpng15.framework in Frameworks */ = {isa = PBXBuildFile; fileRef = 193B45C216D12385008F6C4F /* libpng15.framework */; };
		193B45C816D12385008F6C4F /* Ogg.framework in Frameworks */ = {isa = PBXBuildFile; fileRef = 193B45C316D12385008F6C4F /* Ogg.framework */; };
		193B45CA16D12385008F6C4F /* Vorbis.framework in Frameworks */ = {isa = PBXBuildFile; fileRef = 193B45C516D12385008F6C4F /* Vorbis.framework */; };
		193B45D916D12487008F6C4F /* OpenGL.framework in Frameworks */ = {isa = PBXBuildFile; fileRef = 193B45D816D12487008F6C4F /* OpenGL.framework */; };
		193B45DB16D1248B008F6C4F /* OpenAL.framework in Frameworks */ = {isa = PBXBuildFile; fileRef = 193B45DA16D1248B008F6C4F /* OpenAL.framework */; };
		193B45DD16D1248E008F6C4F /* libz.1.1.3.dylib in Frameworks */ = {isa = PBXBuildFile; fileRef = 193B45DC16D1248E008F6C4F /* libz.1.1.3.dylib */; };
		193B45DF16D12492008F6C4F /* libbz2.1.0.5.dylib in Frameworks */ = {isa = PBXBuildFile; fileRef = 193B45DE16D12492008F6C4F /* libbz2.1.0.5.dylib */; };
		193B45E116D126F0008F6C4F /* Cocoa.framework in Frameworks */ = {isa = PBXBuildFile; fileRef = 193B45E016D126F0008F6C4F /* Cocoa.framework */; };
		193B45E416D1276C008F6C4F /* SDLMain.m in Sources */ = {isa = PBXBuildFile; fileRef = 193B45E316D1276C008F6C4F /* SDLMain.m */; settings = {COMPILER_FLAGS = "-fno-obj-arc"; }; };
		1948AE7F16D18A2000FC93A2 /* Pim.cpp in Sources */ = {isa = PBXBuildFile; fileRef = 1948AE4716D18A2000FC93A2 /* Pim.cpp */; };
		1948AE8016D18A2000FC93A2 /* PimAction.cpp in Sources */ = {isa = PBXBuildFile; fileRef = 1948AE4916D18A2000FC93A2 /* PimAction.cpp */; };
		1948AE8116D18A2000FC93A2 /* PimAudioManager.cpp in Sources */ = {isa = PBXBuildFile; fileRef = 1948AE4C16D18A2000FC93A2 /* PimAudioManager.cpp */; };
		1948AE8216D18A2000FC93A2 /* PimButton.cpp in Sources */ = {isa = PBXBuildFile; fileRef = 1948AE4E16D18A2000FC93A2 /* PimButton.cpp */; };
		1948AE8316D18A2000FC93A2 /* PimConsoleReader.cpp in Sources */ = {isa = PBXBuildFile; fileRef = 1948AE5016D18A2000FC93A2 /* PimConsoleReader.cpp */; };
		1948AE8416D18A2000FC93A2 /* PimFont.cpp in Sources */ = {isa = PBXBuildFile; fileRef = 1948AE5216D18A2000FC93A2 /* PimFont.cpp */; };
		1948AE8516D18A2000FC93A2 /* PimGameControl.cpp in Sources */ = {isa = PBXBuildFile; fileRef = 1948AE5416D18A2000FC93A2 /* PimGameControl.cpp */; };
		1948AE8616D18A2000FC93A2 /* PimGameNode.cpp in Sources */ = {isa = PBXBuildFile; fileRef = 1948AE5616D18A2000FC93A2 /* PimGameNode.cpp */; };
		1948AE8716D18A2000FC93A2 /* PimInput.cpp in Sources */ = {isa = PBXBuildFile; fileRef = 1948AE5916D18A2000FC93A2 /* PimInput.cpp */; };
		1948AE8816D18A2000FC93A2 /* PimLabel.cpp in Sources */ = {isa = PBXBuildFile; fileRef = 1948AE5C16D18A2000FC93A2 /* PimLabel.cpp */; };
		1948AE8916D18A2000FC93A2 /* PimLayer.cpp in Sources */ = {isa = PBXBuildFile; fileRef = 1948AE5E16D18A2000FC93A2 /* PimLayer.cpp */; };
		1948AE8A16D18A2000FC93A2 /* PimLevelParser.cpp in Sources */ = {isa = PBXBuildFile; fileRef = 1948AE6016D18A2000FC93A2 /* PimLevelParser.cpp */; };
		1948AE8B16D18A2000FC93A2 /* PimLightDef.cpp in Sources */ = {isa = PBXBuildFile; fileRef = 1948AE6216D18A2000FC93A2 /* PimLightDef.cpp */; };
		1948AE8C16D18A2000FC93A2 /* PimLightingSystem.cpp in Sources */ = {isa = PBXBuildFile; fileRef = 1948AE6416D18A2000FC93A2 /* PimLightingSystem.cpp */; };
		1948AE8D16D18A2000FC93A2 /* PimParticleSystem.cpp in Sources */ = {isa = PBXBuildFile; fileRef = 1948AE6716D18A2000FC93A2 /* PimParticleSystem.cpp */; };
		1948AE8E16D18A2000FC93A2 /* PimPolygonShape.cpp in Sources */ = {isa = PBXBuildFile; fileRef = 1948AE6916D18A2000FC93A2 /* PimPolygonShape.cpp */; };
		1948AE8F16D18A2000FC93A2 /* PimRenderTexture.cpp in Sources */ = {isa = PBXBuildFile; fileRef = 1948AE6B16D18A2000FC93A2 /* PimRenderTexture.cpp */; };
		1948AE9016D18A2000FC93A2 /* PimRenderWindow.cpp in Sources */ = {isa = PBXBuildFile; fileRef = 1948AE6D16D18A2000FC93A2 /* PimRenderWindow.cpp */; };
		1948AE9116D18A2000FC93A2 /* PimScene.cpp in Sources */ = {isa = PBXBuildFile; fileRef = 1948AE6F16D18A2000FC93A2 /* PimScene.cpp */; };
		1948AE9216D18A2000FC93A2 /* PimShaderManager.cpp in Sources */ = {isa = PBXBuildFile; fileRef = 1948AE7116D18A2000FC93A2 /* PimShaderManager.cpp */; };
		1948AE9316D18A2000FC93A2 /* PimSlider.cpp in Sources */ = {isa = PBXBuildFile; fileRef = 1948AE7316D18A2000FC93A2 /* PimSlider.cpp */; };
		1948AE9416D18A2000FC93A2 /* PimSound.cpp in Sources */ = {isa = PBXBuildFile; fileRef = 1948AE7516D18A2000FC93A2 /* PimSound.cpp */; };
		1948AE9516D18A2000FC93A2 /* PimSprite.cpp in Sources */ = {isa = PBXBuildFile; fileRef = 1948AE7716D18A2000FC93A2 /* PimSprite.cpp */; };
		1948AE9616D18A2000FC93A2 /* PimSpriteBatchNode.cpp in Sources */ = {isa = PBXBuildFile; fileRef = 1948AE7916D18A2000FC93A2 /* PimSpriteBatchNode.cpp */; };
		1948AE9716D18A2000FC93A2 /* PimVec2.cpp in Sources */ = {isa = PBXBuildFile; fileRef = 1948AE7B16D18A2000FC93A2 /* PimVec2.cpp */; };
		1948AE9816D18A2000FC93A2 /* PimWinStyle.cpp in Sources */ = {isa = PBXBuildFile; fileRef = 1948AE7D16D18A2000FC93A2 /* PimWinStyle.cpp */; };
		196BF36716D305D50089D2A2 /* libBox2D.a in Frameworks */ = {isa = PBXBuildFile; fileRef = 196BF36616D305D50089D2A2 /* libBox2D.a */; };
		19E401EB16EFD3DE00FB8B2D /* SDL2.framework in Frameworks */ = {isa = PBXBuildFile; fileRef = 193B45C416D12385008F6C4F /* SDL2.framework */; };
		19EB2D6016D12FCC0088B6B8 /* tinystr.cpp in Sources */ = {isa = PBXBuildFile; fileRef = 19EB2D5A16D12FCC0088B6B8 /* tinystr.cpp */; };
		19EB2D6116D12FCC0088B6B8 /* tinyxml.cpp in Sources */ = {isa = PBXBuildFile; fileRef = 19EB2D5C16D12FCC0088B6B8 /* tinyxml.cpp */; };
		19EB2D6216D12FCC0088B6B8 /* tinyxmlerror.cpp in Sources */ = {isa = PBXBuildFile; fileRef = 19EB2D5E16D12FCC0088B6B8 /* tinyxmlerror.cpp */; };
		19EB2D6316D12FCC0088B6B8 /* tinyxmlparser.cpp in Sources */ = {isa = PBXBuildFile; fileRef = 19EB2D5F16D12FCC0088B6B8 /* tinyxmlparser.cpp */; };
/* End PBXBuildFile section */

/* Begin PBXCopyFilesBuildPhase section */
		193B455E16D1232B008F6C4F /* CopyFiles */ = {
			isa = PBXCopyFilesBuildPhase;
			buildActionMask = 2147483647;
			dstPath = /usr/share/man/man1/;
			dstSubfolderSpec = 0;
			files = (
				193B456616D1232B008F6C4F /* Pim_osxtemplate.1 in CopyFiles */,
			);
			runOnlyForDeploymentPostprocessing = 1;
		};
/* End PBXCopyFilesBuildPhase section */

/* Begin PBXFileReference section */
		192D12EA16D2FA8900AE197E /* Actor.cpp */ = {isa = PBXFileReference; fileEncoding = 4; lastKnownFileType = sourcecode.cpp.cpp; name = Actor.cpp; path = ../../../../../../Dropbox/PLUNDER_SRC/src/Actor.cpp; sourceTree = "<group>"; };
		192D12EB16D2FA8900AE197E /* Actor.h */ = {isa = PBXFileReference; fileEncoding = 4; lastKnownFileType = sourcecode.c.h; name = Actor.h; path = ../../../../../../Dropbox/PLUNDER_SRC/src/Actor.h; sourceTree = "<group>"; };
		192D12EC16D2FA8900AE197E /* BanditChest.cpp */ = {isa = PBXFileReference; fileEncoding = 4; lastKnownFileType = sourcecode.cpp.cpp; name = BanditChest.cpp; path = ../../../../../../Dropbox/PLUNDER_SRC/src/BanditChest.cpp; sourceTree = "<group>"; };
		192D12ED16D2FA8900AE197E /* BanditChest.h */ = {isa = PBXFileReference; fileEncoding = 4; lastKnownFileType = sourcecode.c.h; name = BanditChest.h; path = ../../../../../../Dropbox/PLUNDER_SRC/src/BanditChest.h; sourceTree = "<group>"; };
		192D12EE16D2FA8900AE197E /* Chest.cpp */ = {isa = PBXFileReference; fileEncoding = 4; lastKnownFileType = sourcecode.cpp.cpp; name = Chest.cpp; path = ../../../../../../Dropbox/PLUNDER_SRC/src/Chest.cpp; sourceTree = "<group>"; };
		192D12EF16D2FA8900AE197E /* Chest.h */ = {isa = PBXFileReference; fileEncoding = 4; lastKnownFileType = sourcecode.c.h; name = Chest.h; path = ../../../../../../Dropbox/PLUNDER_SRC/src/Chest.h; sourceTree = "<group>"; };
		192D12F016D2FA8900AE197E /* Door.cpp */ = {isa = PBXFileReference; fileEncoding = 4; lastKnownFileType = sourcecode.cpp.cpp; name = Door.cpp; path = ../../../../../../Dropbox/PLUNDER_SRC/src/Door.cpp; sourceTree = "<group>"; };
		192D12F116D2FA8900AE197E /* Door.h */ = {isa = PBXFileReference; fileEncoding = 4; lastKnownFileType = sourcecode.c.h; name = Door.h; path = ../../../../../../Dropbox/PLUNDER_SRC/src/Door.h; sourceTree = "<group>"; };
		192D12F216D2FA8900AE197E /* Entity.cpp */ = {isa = PBXFileReference; fileEncoding = 4; lastKnownFileType = sourcecode.cpp.cpp; name = Entity.cpp; path = ../../../../../../Dropbox/PLUNDER_SRC/src/Entity.cpp; sourceTree = "<group>"; };
		192D12F316D2FA8900AE197E /* Entity.h */ = {isa = PBXFileReference; fileEncoding = 4; lastKnownFileType = sourcecode.c.h; name = Entity.h; path = ../../../../../../Dropbox/PLUNDER_SRC/src/Entity.h; sourceTree = "<group>"; };
		192D12F416D2FA8900AE197E /* GameLayer.cpp */ = {isa = PBXFileReference; fileEncoding = 4; lastKnownFileType = sourcecode.cpp.cpp; name = GameLayer.cpp; path = ../../../../../../Dropbox/PLUNDER_SRC/src/GameLayer.cpp; sourceTree = "<group>"; };
		192D12F516D2FA8900AE197E /* GameLayer.h */ = {isa = PBXFileReference; fileEncoding = 4; lastKnownFileType = sourcecode.c.h; name = GameLayer.h; path = ../../../../../../Dropbox/PLUNDER_SRC/src/GameLayer.h; sourceTree = "<group>"; };
		192D12F616D2FA8900AE197E /* GameOverLayer.cpp */ = {isa = PBXFileReference; fileEncoding = 4; lastKnownFileType = sourcecode.cpp.cpp; name = GameOverLayer.cpp; path = ../../../../../../Dropbox/PLUNDER_SRC/src/GameOverLayer.cpp; sourceTree = "<group>"; };
		192D12F716D2FA8900AE197E /* GameOverLayer.h */ = {isa = PBXFileReference; fileEncoding = 4; lastKnownFileType = sourcecode.c.h; name = GameOverLayer.h; path = ../../../../../../Dropbox/PLUNDER_SRC/src/GameOverLayer.h; sourceTree = "<group>"; };
		192D12F816D2FA8900AE197E /* GameScene.cpp */ = {isa = PBXFileReference; fileEncoding = 4; lastKnownFileType = sourcecode.cpp.cpp; name = GameScene.cpp; path = ../../../../../../Dropbox/PLUNDER_SRC/src/GameScene.cpp; sourceTree = "<group>"; };
		192D12F916D2FA8900AE197E /* GameScene.h */ = {isa = PBXFileReference; fileEncoding = 4; lastKnownFileType = sourcecode.c.h; name = GameScene.h; path = ../../../../../../Dropbox/PLUNDER_SRC/src/GameScene.h; sourceTree = "<group>"; };
		192D12FA16D2FA8900AE197E /* Guard.cpp */ = {isa = PBXFileReference; fileEncoding = 4; lastKnownFileType = sourcecode.cpp.cpp; name = Guard.cpp; path = ../../../../../../Dropbox/PLUNDER_SRC/src/Guard.cpp; sourceTree = "<group>"; };
		192D12FB16D2FA8900AE197E /* Guard.h */ = {isa = PBXFileReference; fileEncoding = 4; lastKnownFileType = sourcecode.c.h; name = Guard.h; path = ../../../../../../Dropbox/PLUNDER_SRC/src/Guard.h; sourceTree = "<group>"; };
		192D12FC16D2FA8900AE197E /* GuardHelperObjects.cpp */ = {isa = PBXFileReference; fileEncoding = 4; lastKnownFileType = sourcecode.cpp.cpp; name = GuardHelperObjects.cpp; path = ../../../../../../Dropbox/PLUNDER_SRC/src/GuardHelperObjects.cpp; sourceTree = "<group>"; };
		192D12FD16D2FA8900AE197E /* GuardHelperObjects.h */ = {isa = PBXFileReference; fileEncoding = 4; lastKnownFileType = sourcecode.c.h; name = GuardHelperObjects.h; path = ../../../../../../Dropbox/PLUNDER_SRC/src/GuardHelperObjects.h; sourceTree = "<group>"; };
		192D12FE16D2FA8900AE197E /* HighScoreLayer.cpp */ = {isa = PBXFileReference; fileEncoding = 4; lastKnownFileType = sourcecode.cpp.cpp; name = HighScoreLayer.cpp; path = ../../../../../../Dropbox/PLUNDER_SRC/src/HighScoreLayer.cpp; sourceTree = "<group>"; };
		192D12FF16D2FA8900AE197E /* HighScoreLayer.h */ = {isa = PBXFileReference; fileEncoding = 4; lastKnownFileType = sourcecode.c.h; name = HighScoreLayer.h; path = ../../../../../../Dropbox/PLUNDER_SRC/src/HighScoreLayer.h; sourceTree = "<group>"; };
		192D130016D2FA8900AE197E /* HUDLayer.cpp */ = {isa = PBXFileReference; fileEncoding = 4; lastKnownFileType = sourcecode.cpp.cpp; name = HUDLayer.cpp; path = ../../../../../../Dropbox/PLUNDER_SRC/src/HUDLayer.cpp; sourceTree = "<group>"; };
		192D130116D2FA8900AE197E /* HUDLayer.h */ = {isa = PBXFileReference; fileEncoding = 4; lastKnownFileType = sourcecode.c.h; name = HUDLayer.h; path = ../../../../../../Dropbox/PLUNDER_SRC/src/HUDLayer.h; sourceTree = "<group>"; };
		192D130216D2FA8900AE197E /* Lever.cpp */ = {isa = PBXFileReference; fileEncoding = 4; lastKnownFileType = sourcecode.cpp.cpp; name = Lever.cpp; path = ../../../../../../Dropbox/PLUNDER_SRC/src/Lever.cpp; sourceTree = "<group>"; };
		192D130316D2FA8900AE197E /* Lever.h */ = {isa = PBXFileReference; fileEncoding = 4; lastKnownFileType = sourcecode.c.h; name = Lever.h; path = ../../../../../../Dropbox/PLUNDER_SRC/src/Lever.h; sourceTree = "<group>"; };
		192D130416D2FA8900AE197E /* Loot.h */ = {isa = PBXFileReference; fileEncoding = 4; lastKnownFileType = sourcecode.c.h; name = Loot.h; path = ../../../../../../Dropbox/PLUNDER_SRC/src/Loot.h; sourceTree = "<group>"; };
		192D130516D2FA8900AE197E /* LootBag.cpp */ = {isa = PBXFileReference; fileEncoding = 4; lastKnownFileType = sourcecode.cpp.cpp; name = LootBag.cpp; path = ../../../../../../Dropbox/PLUNDER_SRC/src/LootBag.cpp; sourceTree = "<group>"; };
		192D130616D2FA8900AE197E /* LootBag.h */ = {isa = PBXFileReference; fileEncoding = 4; lastKnownFileType = sourcecode.c.h; name = LootBag.h; path = ../../../../../../Dropbox/PLUNDER_SRC/src/LootBag.h; sourceTree = "<group>"; };
		192D130716D2FA8900AE197E /* MainMenuLayer.cpp */ = {isa = PBXFileReference; fileEncoding = 4; lastKnownFileType = sourcecode.cpp.cpp; name = MainMenuLayer.cpp; path = ../../../../../../Dropbox/PLUNDER_SRC/src/MainMenuLayer.cpp; sourceTree = "<group>"; };
		192D130816D2FA8900AE197E /* MainMenuLayer.h */ = {isa = PBXFileReference; fileEncoding = 4; lastKnownFileType = sourcecode.c.h; name = MainMenuLayer.h; path = ../../../../../../Dropbox/PLUNDER_SRC/src/MainMenuLayer.h; sourceTree = "<group>"; };
		192D130916D2FA8900AE197E /* MainMenuScene.cpp */ = {isa = PBXFileReference; fileEncoding = 4; lastKnownFileType = sourcecode.cpp.cpp; name = MainMenuScene.cpp; path = ../../../../../../Dropbox/PLUNDER_SRC/src/MainMenuScene.cpp; sourceTree = "<group>"; };
		192D130A16D2FA8900AE197E /* MainMenuScene.h */ = {isa = PBXFileReference; fileEncoding = 4; lastKnownFileType = sourcecode.c.h; name = MainMenuScene.h; path = ../../../../../../Dropbox/PLUNDER_SRC/src/MainMenuScene.h; sourceTree = "<group>"; };
		192D130B16D2FA8900AE197E /* MenuButton.cpp */ = {isa = PBXFileReference; fileEncoding = 4; lastKnownFileType = sourcecode.cpp.cpp; name = MenuButton.cpp; path = ../../../../../../Dropbox/PLUNDER_SRC/src/MenuButton.cpp; sourceTree = "<group>"; };
		192D130C16D2FA8900AE197E /* MenuButton.h */ = {isa = PBXFileReference; fileEncoding = 4; lastKnownFileType = sourcecode.c.h; name = MenuButton.h; path = ../../../../../../Dropbox/PLUNDER_SRC/src/MenuButton.h; sourceTree = "<group>"; };
		192D130D16D2FA8900AE197E /* NameInput.cpp */ = {isa = PBXFileReference; fileEncoding = 4; lastKnownFileType = sourcecode.cpp.cpp; name = NameInput.cpp; path = ../../../../../../Dropbox/PLUNDER_SRC/src/NameInput.cpp; sourceTree = "<group>"; };
		192D130E16D2FA8900AE197E /* NameInput.h */ = {isa = PBXFileReference; fileEncoding = 4; lastKnownFileType = sourcecode.c.h; name = NameInput.h; path = ../../../../../../Dropbox/PLUNDER_SRC/src/NameInput.h; sourceTree = "<group>"; };
		192D130F16D2FA8900AE197E /* PathNodeManager.cpp */ = {isa = PBXFileReference; fileEncoding = 4; lastKnownFileType = sourcecode.cpp.cpp; name = PathNodeManager.cpp; path = ../../../../../../Dropbox/PLUNDER_SRC/src/PathNodeManager.cpp; sourceTree = "<group>"; };
		192D131016D2FA8900AE197E /* PathNodeManager.h */ = {isa = PBXFileReference; fileEncoding = 4; lastKnownFileType = sourcecode.c.h; name = PathNodeManager.h; path = ../../../../../../Dropbox/PLUNDER_SRC/src/PathNodeManager.h; sourceTree = "<group>"; };
		192D131116D2FA8900AE197E /* Player.cpp */ = {isa = PBXFileReference; fileEncoding = 4; lastKnownFileType = sourcecode.cpp.cpp; name = Player.cpp; path = ../../../../../../Dropbox/PLUNDER_SRC/src/Player.cpp; sourceTree = "<group>"; };
		192D131216D2FA8900AE197E /* Player.h */ = {isa = PBXFileReference; fileEncoding = 4; lastKnownFileType = sourcecode.c.h; name = Player.h; path = ../../../../../../Dropbox/PLUNDER_SRC/src/Player.h; sourceTree = "<group>"; };
		192D131316D2FA8900AE197E /* Plunder.cpp */ = {isa = PBXFileReference; fileEncoding = 4; lastKnownFileType = sourcecode.cpp.cpp; name = Plunder.cpp; path = ../../../../../../Dropbox/PLUNDER_SRC/src/Plunder.cpp; sourceTree = "<group>"; };
		192D131416D2FA8900AE197E /* Plunder.h */ = {isa = PBXFileReference; fileEncoding = 4; lastKnownFileType = sourcecode.c.h; name = Plunder.h; path = ../../../../../../Dropbox/PLUNDER_SRC/src/Plunder.h; sourceTree = "<group>"; };
		192D131716D2FA8900AE197E /* Settings.h */ = {isa = PBXFileReference; fileEncoding = 4; lastKnownFileType = sourcecode.c.h; name = Settings.h; path = ../../../../../../Dropbox/PLUNDER_SRC/src/Settings.h; sourceTree = "<group>"; };
		192D131816D2FA8900AE197E /* Underground.cpp */ = {isa = PBXFileReference; fileEncoding = 4; lastKnownFileType = sourcecode.cpp.cpp; name = Underground.cpp; path = ../../../../../../Dropbox/PLUNDER_SRC/src/Underground.cpp; sourceTree = "<group>"; };
		192D131916D2FA8900AE197E /* Underground.h */ = {isa = PBXFileReference; fileEncoding = 4; lastKnownFileType = sourcecode.c.h; name = Underground.h; path = ../../../../../../Dropbox/PLUNDER_SRC/src/Underground.h; sourceTree = "<group>"; };
		193B456016D1232B008F6C4F /* Pim_osxtemplate */ = {isa = PBXFileReference; explicitFileType = "compiled.mach-o.executable"; includeInIndex = 0; path = Pim_osxtemplate; sourceTree = BUILT_PRODUCTS_DIR; };
		193B456316D1232B008F6C4F /* main.cpp */ = {isa = PBXFileReference; lastKnownFileType = sourcecode.cpp.cpp; path = main.cpp; sourceTree = "<group>"; };
		193B456516D1232B008F6C4F /* Pim_osxtemplate.1 */ = {isa = PBXFileReference; lastKnownFileType = text.man; path = Pim_osxtemplate.1; sourceTree = "<group>"; };
		193B45C116D12385008F6C4F /* libfreetype.a */ = {isa = PBXFileReference; lastKnownFileType = archive.ar; path = libfreetype.a; sourceTree = "<group>"; };
		193B45C216D12385008F6C4F /* libpng15.framework */ = {isa = PBXFileReference; lastKnownFileType = wrapper.framework; path = libpng15.framework; sourceTree = "<group>"; };
		193B45C316D12385008F6C4F /* Ogg.framework */ = {isa = PBXFileReference; lastKnownFileType = wrapper.framework; path = Ogg.framework; sourceTree = "<group>"; };
		193B45C416D12385008F6C4F /* SDL2.framework */ = {isa = PBXFileReference; lastKnownFileType = wrapper.framework; path = SDL2.framework; sourceTree = "<group>"; };
		193B45C516D12385008F6C4F /* Vorbis.framework */ = {isa = PBXFileReference; lastKnownFileType = wrapper.framework; path = Vorbis.framework; sourceTree = "<group>"; };
		193B45D816D12487008F6C4F /* OpenGL.framework */ = {isa = PBXFileReference; lastKnownFileType = wrapper.framework; name = OpenGL.framework; path = System/Library/Frameworks/OpenGL.framework; sourceTree = SDKROOT; };
		193B45DA16D1248B008F6C4F /* OpenAL.framework */ = {isa = PBXFileReference; lastKnownFileType = wrapper.framework; name = OpenAL.framework; path = System/Library/Frameworks/OpenAL.framework; sourceTree = SDKROOT; };
		193B45DC16D1248E008F6C4F /* libz.1.1.3.dylib */ = {isa = PBXFileReference; lastKnownFileType = "compiled.mach-o.dylib"; name = libz.1.1.3.dylib; path = usr/lib/libz.1.1.3.dylib; sourceTree = SDKROOT; };
		193B45DE16D12492008F6C4F /* libbz2.1.0.5.dylib */ = {isa = PBXFileReference; lastKnownFileType = "compiled.mach-o.dylib"; name = libbz2.1.0.5.dylib; path = usr/lib/libbz2.1.0.5.dylib; sourceTree = SDKROOT; };
		193B45E016D126F0008F6C4F /* Cocoa.framework */ = {isa = PBXFileReference; lastKnownFileType = wrapper.framework; name = Cocoa.framework; path = System/Library/Frameworks/Cocoa.framework; sourceTree = SDKROOT; };
		193B45E216D1276C008F6C4F /* SDLMain.h */ = {isa = PBXFileReference; fileEncoding = 4; lastKnownFileType = sourcecode.c.h; path = SDLMain.h; sourceTree = "<group>"; };
		193B45E316D1276C008F6C4F /* SDLMain.m */ = {isa = PBXFileReference; fileEncoding = 4; lastKnownFileType = sourcecode.c.objc; path = SDLMain.m; sourceTree = "<group>"; };
		1948AE4716D18A2000FC93A2 /* Pim.cpp */ = {isa = PBXFileReference; fileEncoding = 4; lastKnownFileType = sourcecode.cpp.cpp; name = Pim.cpp; path = ../../../src/Pim.cpp; sourceTree = "<group>"; };
		1948AE4816D18A2000FC93A2 /* Pim.h */ = {isa = PBXFileReference; fileEncoding = 4; lastKnownFileType = sourcecode.c.h; name = Pim.h; path = ../../../src/Pim.h; sourceTree = "<group>"; };
		1948AE4916D18A2000FC93A2 /* PimAction.cpp */ = {isa = PBXFileReference; fileEncoding = 4; lastKnownFileType = sourcecode.cpp.cpp; name = PimAction.cpp; path = ../../../src/PimAction.cpp; sourceTree = "<group>"; };
		1948AE4A16D18A2000FC93A2 /* PimAction.h */ = {isa = PBXFileReference; fileEncoding = 4; lastKnownFileType = sourcecode.c.h; name = PimAction.h; path = ../../../src/PimAction.h; sourceTree = "<group>"; };
		1948AE4B16D18A2000FC93A2 /* PimAssert.h */ = {isa = PBXFileReference; fileEncoding = 4; lastKnownFileType = sourcecode.c.h; name = PimAssert.h; path = ../../../src/PimAssert.h; sourceTree = "<group>"; };
		1948AE4C16D18A2000FC93A2 /* PimAudioManager.cpp */ = {isa = PBXFileReference; fileEncoding = 4; lastKnownFileType = sourcecode.cpp.cpp; name = PimAudioManager.cpp; path = ../../../src/PimAudioManager.cpp; sourceTree = "<group>"; };
		1948AE4D16D18A2000FC93A2 /* PimAudioManager.h */ = {isa = PBXFileReference; fileEncoding = 4; lastKnownFileType = sourcecode.c.h; name = PimAudioManager.h; path = ../../../src/PimAudioManager.h; sourceTree = "<group>"; };
		1948AE4E16D18A2000FC93A2 /* PimButton.cpp */ = {isa = PBXFileReference; fileEncoding = 4; lastKnownFileType = sourcecode.cpp.cpp; name = PimButton.cpp; path = ../../../src/PimButton.cpp; sourceTree = "<group>"; };
		1948AE4F16D18A2000FC93A2 /* PimButton.h */ = {isa = PBXFileReference; fileEncoding = 4; lastKnownFileType = sourcecode.c.h; name = PimButton.h; path = ../../../src/PimButton.h; sourceTree = "<group>"; };
		1948AE5016D18A2000FC93A2 /* PimConsoleReader.cpp */ = {isa = PBXFileReference; fileEncoding = 4; lastKnownFileType = sourcecode.cpp.cpp; name = PimConsoleReader.cpp; path = ../../../src/PimConsoleReader.cpp; sourceTree = "<group>"; };
		1948AE5116D18A2000FC93A2 /* PimConsoleReader.h */ = {isa = PBXFileReference; fileEncoding = 4; lastKnownFileType = sourcecode.c.h; name = PimConsoleReader.h; path = ../../../src/PimConsoleReader.h; sourceTree = "<group>"; };
		1948AE5216D18A2000FC93A2 /* PimFont.cpp */ = {isa = PBXFileReference; fileEncoding = 4; lastKnownFileType = sourcecode.cpp.cpp; name = PimFont.cpp; path = ../../../src/PimFont.cpp; sourceTree = "<group>"; };
		1948AE5316D18A2000FC93A2 /* PimFont.h */ = {isa = PBXFileReference; fileEncoding = 4; lastKnownFileType = sourcecode.c.h; name = PimFont.h; path = ../../../src/PimFont.h; sourceTree = "<group>"; };
		1948AE5416D18A2000FC93A2 /* PimGameControl.cpp */ = {isa = PBXFileReference; fileEncoding = 4; lastKnownFileType = sourcecode.cpp.cpp; name = PimGameControl.cpp; path = ../../../src/PimGameControl.cpp; sourceTree = "<group>"; };
		1948AE5516D18A2000FC93A2 /* PimGameControl.h */ = {isa = PBXFileReference; fileEncoding = 4; lastKnownFileType = sourcecode.c.h; name = PimGameControl.h; path = ../../../src/PimGameControl.h; sourceTree = "<group>"; };
		1948AE5616D18A2000FC93A2 /* PimGameNode.cpp */ = {isa = PBXFileReference; fileEncoding = 4; lastKnownFileType = sourcecode.cpp.cpp; name = PimGameNode.cpp; path = ../../../src/PimGameNode.cpp; sourceTree = "<group>"; };
		1948AE5716D18A2000FC93A2 /* PimGameNode.h */ = {isa = PBXFileReference; fileEncoding = 4; lastKnownFileType = sourcecode.c.h; name = PimGameNode.h; path = ../../../src/PimGameNode.h; sourceTree = "<group>"; };
		1948AE5816D18A2000FC93A2 /* PimHelperFunctions.h */ = {isa = PBXFileReference; fileEncoding = 4; lastKnownFileType = sourcecode.c.h; name = PimHelperFunctions.h; path = ../../../src/PimHelperFunctions.h; sourceTree = "<group>"; };
		1948AE5916D18A2000FC93A2 /* PimInput.cpp */ = {isa = PBXFileReference; fileEncoding = 4; lastKnownFileType = sourcecode.cpp.cpp; name = PimInput.cpp; path = ../../../src/PimInput.cpp; sourceTree = "<group>"; };
		1948AE5A16D18A2000FC93A2 /* PimInput.h */ = {isa = PBXFileReference; fileEncoding = 4; lastKnownFileType = sourcecode.c.h; name = PimInput.h; path = ../../../src/PimInput.h; sourceTree = "<group>"; };
		1948AE5B16D18A2000FC93A2 /* PimInternal.h */ = {isa = PBXFileReference; fileEncoding = 4; lastKnownFileType = sourcecode.c.h; name = PimInternal.h; path = ../../../src/PimInternal.h; sourceTree = "<group>"; };
		1948AE5C16D18A2000FC93A2 /* PimLabel.cpp */ = {isa = PBXFileReference; fileEncoding = 4; lastKnownFileType = sourcecode.cpp.cpp; name = PimLabel.cpp; path = ../../../src/PimLabel.cpp; sourceTree = "<group>"; };
		1948AE5D16D18A2000FC93A2 /* PimLabel.h */ = {isa = PBXFileReference; fileEncoding = 4; lastKnownFileType = sourcecode.c.h; name = PimLabel.h; path = ../../../src/PimLabel.h; sourceTree = "<group>"; };
		1948AE5E16D18A2000FC93A2 /* PimLayer.cpp */ = {isa = PBXFileReference; fileEncoding = 4; lastKnownFileType = sourcecode.cpp.cpp; name = PimLayer.cpp; path = ../../../src/PimLayer.cpp; sourceTree = "<group>"; };
		1948AE5F16D18A2000FC93A2 /* PimLayer.h */ = {isa = PBXFileReference; fileEncoding = 4; lastKnownFileType = sourcecode.c.h; name = PimLayer.h; path = ../../../src/PimLayer.h; sourceTree = "<group>"; };
		1948AE6016D18A2000FC93A2 /* PimLevelParser.cpp */ = {isa = PBXFileReference; fileEncoding = 4; lastKnownFileType = sourcecode.cpp.cpp; name = PimLevelParser.cpp; path = ../../../src/PimLevelParser.cpp; sourceTree = "<group>"; };
		1948AE6116D18A2000FC93A2 /* PimLevelParser.h */ = {isa = PBXFileReference; fileEncoding = 4; lastKnownFileType = sourcecode.c.h; name = PimLevelParser.h; path = ../../../src/PimLevelParser.h; sourceTree = "<group>"; };
		1948AE6216D18A2000FC93A2 /* PimLightDef.cpp */ = {isa = PBXFileReference; fileEncoding = 4; lastKnownFileType = sourcecode.cpp.cpp; name = PimLightDef.cpp; path = ../../../src/PimLightDef.cpp; sourceTree = "<group>"; };
		1948AE6316D18A2000FC93A2 /* PimLightDef.h */ = {isa = PBXFileReference; fileEncoding = 4; lastKnownFileType = sourcecode.c.h; name = PimLightDef.h; path = ../../../src/PimLightDef.h; sourceTree = "<group>"; };
		1948AE6416D18A2000FC93A2 /* PimLightingSystem.cpp */ = {isa = PBXFileReference; fileEncoding = 4; lastKnownFileType = sourcecode.cpp.cpp; name = PimLightingSystem.cpp; path = ../../../src/PimLightingSystem.cpp; sourceTree = "<group>"; };
		1948AE6516D18A2000FC93A2 /* PimLightingSystem.h */ = {isa = PBXFileReference; fileEncoding = 4; lastKnownFileType = sourcecode.c.h; name = PimLightingSystem.h; path = ../../../src/PimLightingSystem.h; sourceTree = "<group>"; };
		1948AE6616D18A2000FC93A2 /* PimLightingSystemShaders.h */ = {isa = PBXFileReference; fileEncoding = 4; lastKnownFileType = sourcecode.c.h; name = PimLightingSystemShaders.h; path = ../../../src/PimLightingSystemShaders.h; sourceTree = "<group>"; };
		1948AE6716D18A2000FC93A2 /* PimParticleSystem.cpp */ = {isa = PBXFileReference; fileEncoding = 4; lastKnownFileType = sourcecode.cpp.cpp; name = PimParticleSystem.cpp; path = ../../../src/PimParticleSystem.cpp; sourceTree = "<group>"; };
		1948AE6816D18A2000FC93A2 /* PimParticleSystem.h */ = {isa = PBXFileReference; fileEncoding = 4; lastKnownFileType = sourcecode.c.h; name = PimParticleSystem.h; path = ../../../src/PimParticleSystem.h; sourceTree = "<group>"; };
		1948AE6916D18A2000FC93A2 /* PimPolygonShape.cpp */ = {isa = PBXFileReference; fileEncoding = 4; lastKnownFileType = sourcecode.cpp.cpp; name = PimPolygonShape.cpp; path = ../../../src/PimPolygonShape.cpp; sourceTree = "<group>"; };
		1948AE6A16D18A2000FC93A2 /* PimPolygonShape.h */ = {isa = PBXFileReference; fileEncoding = 4; lastKnownFileType = sourcecode.c.h; name = PimPolygonShape.h; path = ../../../src/PimPolygonShape.h; sourceTree = "<group>"; };
		1948AE6B16D18A2000FC93A2 /* PimRenderTexture.cpp */ = {isa = PBXFileReference; fileEncoding = 4; lastKnownFileType = sourcecode.cpp.cpp; name = PimRenderTexture.cpp; path = ../../../src/PimRenderTexture.cpp; sourceTree = "<group>"; };
		1948AE6C16D18A2000FC93A2 /* PimRenderTexture.h */ = {isa = PBXFileReference; fileEncoding = 4; lastKnownFileType = sourcecode.c.h; name = PimRenderTexture.h; path = ../../../src/PimRenderTexture.h; sourceTree = "<group>"; };
		1948AE6D16D18A2000FC93A2 /* PimRenderWindow.cpp */ = {isa = PBXFileReference; fileEncoding = 4; lastKnownFileType = sourcecode.cpp.cpp; name = PimRenderWindow.cpp; path = ../../../src/PimRenderWindow.cpp; sourceTree = "<group>"; };
		1948AE6E16D18A2000FC93A2 /* PimRenderWindow.h */ = {isa = PBXFileReference; fileEncoding = 4; lastKnownFileType = sourcecode.c.h; name = PimRenderWindow.h; path = ../../../src/PimRenderWindow.h; sourceTree = "<group>"; };
		1948AE6F16D18A2000FC93A2 /* PimScene.cpp */ = {isa = PBXFileReference; fileEncoding = 4; lastKnownFileType = sourcecode.cpp.cpp; name = PimScene.cpp; path = ../../../src/PimScene.cpp; sourceTree = "<group>"; };
		1948AE7016D18A2000FC93A2 /* PimScene.h */ = {isa = PBXFileReference; fileEncoding = 4; lastKnownFileType = sourcecode.c.h; name = PimScene.h; path = ../../../src/PimScene.h; sourceTree = "<group>"; };
		1948AE7116D18A2000FC93A2 /* PimShaderManager.cpp */ = {isa = PBXFileReference; fileEncoding = 4; lastKnownFileType = sourcecode.cpp.cpp; name = PimShaderManager.cpp; path = ../../../src/PimShaderManager.cpp; sourceTree = "<group>"; };
		1948AE7216D18A2000FC93A2 /* PimShaderManager.h */ = {isa = PBXFileReference; fileEncoding = 4; lastKnownFileType = sourcecode.c.h; name = PimShaderManager.h; path = ../../../src/PimShaderManager.h; sourceTree = "<group>"; };
		1948AE7316D18A2000FC93A2 /* PimSlider.cpp */ = {isa = PBXFileReference; fileEncoding = 4; lastKnownFileType = sourcecode.cpp.cpp; name = PimSlider.cpp; path = ../../../src/PimSlider.cpp; sourceTree = "<group>"; };
		1948AE7416D18A2000FC93A2 /* PimSlider.h */ = {isa = PBXFileReference; fileEncoding = 4; lastKnownFileType = sourcecode.c.h; name = PimSlider.h; path = ../../../src/PimSlider.h; sourceTree = "<group>"; };
		1948AE7516D18A2000FC93A2 /* PimSound.cpp */ = {isa = PBXFileReference; fileEncoding = 4; lastKnownFileType = sourcecode.cpp.cpp; name = PimSound.cpp; path = ../../../src/PimSound.cpp; sourceTree = "<group>"; };
		1948AE7616D18A2000FC93A2 /* PimSound.h */ = {isa = PBXFileReference; fileEncoding = 4; lastKnownFileType = sourcecode.c.h; name = PimSound.h; path = ../../../src/PimSound.h; sourceTree = "<group>"; };
		1948AE7716D18A2000FC93A2 /* PimSprite.cpp */ = {isa = PBXFileReference; fileEncoding = 4; lastKnownFileType = sourcecode.cpp.cpp; name = PimSprite.cpp; path = ../../../src/PimSprite.cpp; sourceTree = "<group>"; };
		1948AE7816D18A2000FC93A2 /* PimSprite.h */ = {isa = PBXFileReference; fileEncoding = 4; lastKnownFileType = sourcecode.c.h; name = PimSprite.h; path = ../../../src/PimSprite.h; sourceTree = "<group>"; };
		1948AE7916D18A2000FC93A2 /* PimSpriteBatchNode.cpp */ = {isa = PBXFileReference; fileEncoding = 4; lastKnownFileType = sourcecode.cpp.cpp; name = PimSpriteBatchNode.cpp; path = ../../../src/PimSpriteBatchNode.cpp; sourceTree = "<group>"; };
		1948AE7A16D18A2000FC93A2 /* PimSpriteBatchNode.h */ = {isa = PBXFileReference; fileEncoding = 4; lastKnownFileType = sourcecode.c.h; name = PimSpriteBatchNode.h; path = ../../../src/PimSpriteBatchNode.h; sourceTree = "<group>"; };
		1948AE7B16D18A2000FC93A2 /* PimVec2.cpp */ = {isa = PBXFileReference; fileEncoding = 4; lastKnownFileType = sourcecode.cpp.cpp; name = PimVec2.cpp; path = ../../../src/PimVec2.cpp; sourceTree = "<group>"; };
		1948AE7C16D18A2000FC93A2 /* PimVec2.h */ = {isa = PBXFileReference; fileEncoding = 4; lastKnownFileType = sourcecode.c.h; name = PimVec2.h; path = ../../../src/PimVec2.h; sourceTree = "<group>"; };
		1948AE7D16D18A2000FC93A2 /* PimWinStyle.cpp */ = {isa = PBXFileReference; fileEncoding = 4; lastKnownFileType = sourcecode.cpp.cpp; name = PimWinStyle.cpp; path = ../../../src/PimWinStyle.cpp; sourceTree = "<group>"; };
		1948AE7E16D18A2000FC93A2 /* PimWinStyle.h */ = {isa = PBXFileReference; fileEncoding = 4; lastKnownFileType = sourcecode.c.h; name = PimWinStyle.h; path = ../../../src/PimWinStyle.h; sourceTree = "<group>"; };
		196BF36616D305D50089D2A2 /* libBox2D.a */ = {isa = PBXFileReference; lastKnownFileType = archive.ar; name = libBox2D.a; path = ../../../../../../Downloads/Box2D_v2.2.1/Build/Box2D/libBox2D.a; sourceTree = "<group>"; };
		19EB2D5916D12FCC0088B6B8 /* ft2build.h */ = {isa = PBXFileReference; fileEncoding = 4; lastKnownFileType = sourcecode.c.h; path = ft2build.h; sourceTree = "<group>"; };
		19EB2D5A16D12FCC0088B6B8 /* tinystr.cpp */ = {isa = PBXFileReference; fileEncoding = 4; lastKnownFileType = sourcecode.cpp.cpp; path = tinystr.cpp; sourceTree = "<group>"; };
		19EB2D5B16D12FCC0088B6B8 /* tinystr.h */ = {isa = PBXFileReference; fileEncoding = 4; lastKnownFileType = sourcecode.c.h; path = tinystr.h; sourceTree = "<group>"; };
		19EB2D5C16D12FCC0088B6B8 /* tinyxml.cpp */ = {isa = PBXFileReference; fileEncoding = 4; lastKnownFileType = sourcecode.cpp.cpp; path = tinyxml.cpp; sourceTree = "<group>"; };
		19EB2D5D16D12FCC0088B6B8 /* tinyxml.h */ = {isa = PBXFileReference; fileEncoding = 4; lastKnownFileType = sourcecode.c.h; path = tinyxml.h; sourceTree = "<group>"; };
		19EB2D5E16D12FCC0088B6B8 /* tinyxmlerror.cpp */ = {isa = PBXFileReference; fileEncoding = 4; lastKnownFileType = sourcecode.cpp.cpp; path = tinyxmlerror.cpp; sourceTree = "<group>"; };
		19EB2D5F16D12FCC0088B6B8 /* tinyxmlparser.cpp */ = {isa = PBXFileReference; fileEncoding = 4; lastKnownFileType = sourcecode.cpp.cpp; path = tinyxmlparser.cpp; sourceTree = "<group>"; };
		19EB2D6416D12FFD0088B6B8 /* freetype2 */ = {isa = PBXFileReference; lastKnownFileType = folder; path = freetype2; sourceTree = "<group>"; };
		19EB2DB716D133940088B6B8 /* pimms.png */ = {isa = PBXFileReference; lastKnownFileType = image.png; name = pimms.png; path = ../pimms.png; sourceTree = "<group>"; };
/* End PBXFileReference section */

/* Begin PBXFrameworksBuildPhase section */
		193B455D16D1232B008F6C4F /* Frameworks */ = {
			isa = PBXFrameworksBuildPhase;
			buildActionMask = 2147483647;
			files = (
				19E401EB16EFD3DE00FB8B2D /* SDL2.framework in Frameworks */,
				193B45E116D126F0008F6C4F /* Cocoa.framework in Frameworks */,
				193B45DF16D12492008F6C4F /* libbz2.1.0.5.dylib in Frameworks */,
				193B45DD16D1248E008F6C4F /* libz.1.1.3.dylib in Frameworks */,
				193B45DB16D1248B008F6C4F /* OpenAL.framework in Frameworks */,
				193B45D916D12487008F6C4F /* OpenGL.framework in Frameworks */,
				193B45C616D12385008F6C4F /* libfreetype.a in Frameworks */,
				193B45C716D12385008F6C4F /* libpng15.framework in Frameworks */,
				193B45C816D12385008F6C4F /* Ogg.framework in Frameworks */,
				193B45CA16D12385008F6C4F /* Vorbis.framework in Frameworks */,
				196BF36716D305D50089D2A2 /* libBox2D.a in Frameworks */,
			);
			runOnlyForDeploymentPostprocessing = 0;
		};
/* End PBXFrameworksBuildPhase section */

/* Begin PBXGroup section */
		192D133016D2FDF300AE197E /* Source */ = {
			isa = PBXGroup;
			children = (
				192D12EA16D2FA8900AE197E /* Actor.cpp */,
				192D12EB16D2FA8900AE197E /* Actor.h */,
				192D12EC16D2FA8900AE197E /* BanditChest.cpp */,
				192D12ED16D2FA8900AE197E /* BanditChest.h */,
				192D12EE16D2FA8900AE197E /* Chest.cpp */,
				192D12EF16D2FA8900AE197E /* Chest.h */,
				192D12F016D2FA8900AE197E /* Door.cpp */,
				192D12F116D2FA8900AE197E /* Door.h */,
				192D12F216D2FA8900AE197E /* Entity.cpp */,
				192D12F316D2FA8900AE197E /* Entity.h */,
				192D12F416D2FA8900AE197E /* GameLayer.cpp */,
				192D12F516D2FA8900AE197E /* GameLayer.h */,
				192D12F616D2FA8900AE197E /* GameOverLayer.cpp */,
				192D12F716D2FA8900AE197E /* GameOverLayer.h */,
				192D12F816D2FA8900AE197E /* GameScene.cpp */,
				192D12F916D2FA8900AE197E /* GameScene.h */,
				192D12FA16D2FA8900AE197E /* Guard.cpp */,
				192D12FB16D2FA8900AE197E /* Guard.h */,
				192D12FC16D2FA8900AE197E /* GuardHelperObjects.cpp */,
				192D12FD16D2FA8900AE197E /* GuardHelperObjects.h */,
				192D12FE16D2FA8900AE197E /* HighScoreLayer.cpp */,
				192D12FF16D2FA8900AE197E /* HighScoreLayer.h */,
				192D130016D2FA8900AE197E /* HUDLayer.cpp */,
				192D130116D2FA8900AE197E /* HUDLayer.h */,
				192D130216D2FA8900AE197E /* Lever.cpp */,
				192D130316D2FA8900AE197E /* Lever.h */,
				192D130416D2FA8900AE197E /* Loot.h */,
				192D130516D2FA8900AE197E /* LootBag.cpp */,
				192D130616D2FA8900AE197E /* LootBag.h */,
				192D130716D2FA8900AE197E /* MainMenuLayer.cpp */,
				192D130816D2FA8900AE197E /* MainMenuLayer.h */,
				192D130916D2FA8900AE197E /* MainMenuScene.cpp */,
				192D130A16D2FA8900AE197E /* MainMenuScene.h */,
				192D130B16D2FA8900AE197E /* MenuButton.cpp */,
				192D130C16D2FA8900AE197E /* MenuButton.h */,
				192D130D16D2FA8900AE197E /* NameInput.cpp */,
				192D130E16D2FA8900AE197E /* NameInput.h */,
				192D130F16D2FA8900AE197E /* PathNodeManager.cpp */,
				192D131016D2FA8900AE197E /* PathNodeManager.h */,
				192D131116D2FA8900AE197E /* Player.cpp */,
				192D131216D2FA8900AE197E /* Player.h */,
				192D131316D2FA8900AE197E /* Plunder.cpp */,
				192D131416D2FA8900AE197E /* Plunder.h */,
				192D131716D2FA8900AE197E /* Settings.h */,
				192D131816D2FA8900AE197E /* Underground.cpp */,
				192D131916D2FA8900AE197E /* Underground.h */,
			);
			name = Source;
			sourceTree = "<group>";
		};
		192D133116D2FE0200AE197E /* Box2D */ = {
			isa = PBXGroup;
			children = (
				196BF36616D305D50089D2A2 /* libBox2D.a */,
			);
			name = Box2D;
			sourceTree = "<group>";
		};
		193B455716D1232B008F6C4F = {
			isa = PBXGroup;
			children = (
				193B456C16D12330008F6C4F /* Pim */,
				193B456216D1232B008F6C4F /* PLUNDER */,
				193B456116D1232B008F6C4F /* Products */,
			);
			sourceTree = "<group>";
		};
		193B456116D1232B008F6C4F /* Products */ = {
			isa = PBXGroup;
			children = (
				193B456016D1232B008F6C4F /* Pim_osxtemplate */,
			);
			name = Products;
			sourceTree = "<group>";
		};
		193B456216D1232B008F6C4F /* PLUNDER */ = {
			isa = PBXGroup;
			children = (
				192D133116D2FE0200AE197E /* Box2D */,
				192D133016D2FDF300AE197E /* Source */,
				19EB2DB816D133A20088B6B8 /* Resources */,
				193B456316D1232B008F6C4F /* main.cpp */,
				193B456516D1232B008F6C4F /* Pim_osxtemplate.1 */,
			);
			name = PLUNDER;
			path = Pim_osxtemplate;
			sourceTree = "<group>";
		};
		193B456C16D12330008F6C4F /* Pim */ = {
			isa = PBXGroup;
			children = (
				19EB2D5816D12FB20088B6B8 /* Source */,
				193B45CC16D123BA008F6C4F /* Other Dependencies */,
				193B456D16D1233C008F6C4F /* Frameworks */,
			);
			name = Pim;
			sourceTree = "<group>";
		};
		193B456D16D1233C008F6C4F /* Frameworks */ = {
			isa = PBXGroup;
			children = (
				193B45E016D126F0008F6C4F /* Cocoa.framework */,
				193B45DE16D12492008F6C4F /* libbz2.1.0.5.dylib */,
				193B45DC16D1248E008F6C4F /* libz.1.1.3.dylib */,
				193B45DA16D1248B008F6C4F /* OpenAL.framework */,
				193B45D816D12487008F6C4F /* OpenGL.framework */,
				193B45C116D12385008F6C4F /* libfreetype.a */,
				193B45C216D12385008F6C4F /* libpng15.framework */,
				193B45C316D12385008F6C4F /* Ogg.framework */,
				193B45C416D12385008F6C4F /* SDL2.framework */,
				193B45C516D12385008F6C4F /* Vorbis.framework */,
			);
			name = Frameworks;
			sourceTree = "<group>";
		};
		193B45CC16D123BA008F6C4F /* Other Dependencies */ = {
			isa = PBXGroup;
			children = (
				19EB2D6416D12FFD0088B6B8 /* freetype2 */,
				19EB2D5916D12FCC0088B6B8 /* ft2build.h */,
				19EB2D5A16D12FCC0088B6B8 /* tinystr.cpp */,
				19EB2D5B16D12FCC0088B6B8 /* tinystr.h */,
				19EB2D5C16D12FCC0088B6B8 /* tinyxml.cpp */,
				19EB2D5D16D12FCC0088B6B8 /* tinyxml.h */,
				19EB2D5E16D12FCC0088B6B8 /* tinyxmlerror.cpp */,
				19EB2D5F16D12FCC0088B6B8 /* tinyxmlparser.cpp */,
				193B45E216D1276C008F6C4F /* SDLMain.h */,
				193B45E316D1276C008F6C4F /* SDLMain.m */,
			);
			name = "Other Dependencies";
			sourceTree = "<group>";
		};
		19EB2D5816D12FB20088B6B8 /* Source */ = {
			isa = PBXGroup;
			children = (
				1948AE4716D18A2000FC93A2 /* Pim.cpp */,
				1948AE4816D18A2000FC93A2 /* Pim.h */,
				1948AE4916D18A2000FC93A2 /* PimAction.cpp */,
				1948AE4A16D18A2000FC93A2 /* PimAction.h */,
				1948AE4B16D18A2000FC93A2 /* PimAssert.h */,
				1948AE4C16D18A2000FC93A2 /* PimAudioManager.cpp */,
				1948AE4D16D18A2000FC93A2 /* PimAudioManager.h */,
				1948AE4E16D18A2000FC93A2 /* PimButton.cpp */,
				1948AE4F16D18A2000FC93A2 /* PimButton.h */,
				1948AE5016D18A2000FC93A2 /* PimConsoleReader.cpp */,
				1948AE5116D18A2000FC93A2 /* PimConsoleReader.h */,
				1948AE5216D18A2000FC93A2 /* PimFont.cpp */,
				1948AE5316D18A2000FC93A2 /* PimFont.h */,
				1948AE5416D18A2000FC93A2 /* PimGameControl.cpp */,
				1948AE5516D18A2000FC93A2 /* PimGameControl.h */,
				1948AE5616D18A2000FC93A2 /* PimGameNode.cpp */,
				1948AE5716D18A2000FC93A2 /* PimGameNode.h */,
				1948AE5816D18A2000FC93A2 /* PimHelperFunctions.h */,
				1948AE5916D18A2000FC93A2 /* PimInput.cpp */,
				1948AE5A16D18A2000FC93A2 /* PimInput.h */,
				1948AE5B16D18A2000FC93A2 /* PimInternal.h */,
				1948AE5C16D18A2000FC93A2 /* PimLabel.cpp */,
				1948AE5D16D18A2000FC93A2 /* PimLabel.h */,
				1948AE5E16D18A2000FC93A2 /* PimLayer.cpp */,
				1948AE5F16D18A2000FC93A2 /* PimLayer.h */,
				1948AE6016D18A2000FC93A2 /* PimLevelParser.cpp */,
				1948AE6116D18A2000FC93A2 /* PimLevelParser.h */,
				1948AE6216D18A2000FC93A2 /* PimLightDef.cpp */,
				1948AE6316D18A2000FC93A2 /* PimLightDef.h */,
				1948AE6416D18A2000FC93A2 /* PimLightingSystem.cpp */,
				1948AE6516D18A2000FC93A2 /* PimLightingSystem.h */,
				1948AE6616D18A2000FC93A2 /* PimLightingSystemShaders.h */,
				1948AE6716D18A2000FC93A2 /* PimParticleSystem.cpp */,
				1948AE6816D18A2000FC93A2 /* PimParticleSystem.h */,
				1948AE6916D18A2000FC93A2 /* PimPolygonShape.cpp */,
				1948AE6A16D18A2000FC93A2 /* PimPolygonShape.h */,
				1948AE6B16D18A2000FC93A2 /* PimRenderTexture.cpp */,
				1948AE6C16D18A2000FC93A2 /* PimRenderTexture.h */,
				1948AE6D16D18A2000FC93A2 /* PimRenderWindow.cpp */,
				1948AE6E16D18A2000FC93A2 /* PimRenderWindow.h */,
				1948AE6F16D18A2000FC93A2 /* PimScene.cpp */,
				1948AE7016D18A2000FC93A2 /* PimScene.h */,
				1948AE7116D18A2000FC93A2 /* PimShaderManager.cpp */,
				1948AE7216D18A2000FC93A2 /* PimShaderManager.h */,
				1948AE7316D18A2000FC93A2 /* PimSlider.cpp */,
				1948AE7416D18A2000FC93A2 /* PimSlider.h */,
				1948AE7516D18A2000FC93A2 /* PimSound.cpp */,
				1948AE7616D18A2000FC93A2 /* PimSound.h */,
				1948AE7716D18A2000FC93A2 /* PimSprite.cpp */,
				1948AE7816D18A2000FC93A2 /* PimSprite.h */,
				1948AE7916D18A2000FC93A2 /* PimSpriteBatchNode.cpp */,
				1948AE7A16D18A2000FC93A2 /* PimSpriteBatchNode.h */,
				1948AE7B16D18A2000FC93A2 /* PimVec2.cpp */,
				1948AE7C16D18A2000FC93A2 /* PimVec2.h */,
				1948AE7D16D18A2000FC93A2 /* PimWinStyle.cpp */,
				1948AE7E16D18A2000FC93A2 /* PimWinStyle.h */,
			);
			name = Source;
			sourceTree = "<group>";
		};
		19EB2DB816D133A20088B6B8 /* Resources */ = {
			isa = PBXGroup;
			children = (
				19EB2DB716D133940088B6B8 /* pimms.png */,
			);
			name = Resources;
			sourceTree = "<group>";
		};
/* End PBXGroup section */

/* Begin PBXNativeTarget section */
		193B455F16D1232B008F6C4F /* Pim_osxtemplate */ = {
			isa = PBXNativeTarget;
			buildConfigurationList = 193B456916D1232B008F6C4F /* Build configuration list for PBXNativeTarget "Pim_osxtemplate" */;
			buildPhases = (
				193B455C16D1232B008F6C4F /* Sources */,
				193B455D16D1232B008F6C4F /* Frameworks */,
				193B455E16D1232B008F6C4F /* CopyFiles */,
			);
			buildRules = (
			);
			dependencies = (
			);
			name = Pim_osxtemplate;
			productName = Pim_osxtemplate;
			productReference = 193B456016D1232B008F6C4F /* Pim_osxtemplate */;
			productType = "com.apple.product-type.tool";
		};
/* End PBXNativeTarget section */

/* Begin PBXProject section */
		193B455816D1232B008F6C4F /* Project object */ = {
			isa = PBXProject;
			attributes = {
				LastUpgradeCheck = 0460;
				ORGANIZATIONNAME = "Joakim Stien";
			};
			buildConfigurationList = 193B455B16D1232B008F6C4F /* Build configuration list for PBXProject "Pim_osxtemplate" */;
			compatibilityVersion = "Xcode 3.2";
			developmentRegion = English;
			hasScannedForEncodings = 0;
			knownRegions = (
				en,
			);
			mainGroup = 193B455716D1232B008F6C4F;
			productRefGroup = 193B456116D1232B008F6C4F /* Products */;
			projectDirPath = "";
			projectRoot = "";
			targets = (
				193B455F16D1232B008F6C4F /* Pim_osxtemplate */,
			);
		};
/* End PBXProject section */

/* Begin PBXSourcesBuildPhase section */
		193B455C16D1232B008F6C4F /* Sources */ = {
			isa = PBXSourcesBuildPhase;
			buildActionMask = 2147483647;
			files = (
				193B456416D1232B008F6C4F /* main.cpp in Sources */,
				193B45E416D1276C008F6C4F /* SDLMain.m in Sources */,
				19EB2D6016D12FCC0088B6B8 /* tinystr.cpp in Sources */,
				19EB2D6116D12FCC0088B6B8 /* tinyxml.cpp in Sources */,
				19EB2D6216D12FCC0088B6B8 /* tinyxmlerror.cpp in Sources */,
				19EB2D6316D12FCC0088B6B8 /* tinyxmlparser.cpp in Sources */,
				1948AE7F16D18A2000FC93A2 /* Pim.cpp in Sources */,
				1948AE8016D18A2000FC93A2 /* PimAction.cpp in Sources */,
				1948AE8116D18A2000FC93A2 /* PimAudioManager.cpp in Sources */,
				1948AE8216D18A2000FC93A2 /* PimButton.cpp in Sources */,
				1948AE8316D18A2000FC93A2 /* PimConsoleReader.cpp in Sources */,
				1948AE8416D18A2000FC93A2 /* PimFont.cpp in Sources */,
				1948AE8516D18A2000FC93A2 /* PimGameControl.cpp in Sources */,
				1948AE8616D18A2000FC93A2 /* PimGameNode.cpp in Sources */,
				1948AE8716D18A2000FC93A2 /* PimInput.cpp in Sources */,
				1948AE8816D18A2000FC93A2 /* PimLabel.cpp in Sources */,
				1948AE8916D18A2000FC93A2 /* PimLayer.cpp in Sources */,
				1948AE8A16D18A2000FC93A2 /* PimLevelParser.cpp in Sources */,
				1948AE8B16D18A2000FC93A2 /* PimLightDef.cpp in Sources */,
				1948AE8C16D18A2000FC93A2 /* PimLightingSystem.cpp in Sources */,
				1948AE8D16D18A2000FC93A2 /* PimParticleSystem.cpp in Sources */,
				1948AE8E16D18A2000FC93A2 /* PimPolygonShape.cpp in Sources */,
				1948AE8F16D18A2000FC93A2 /* PimRenderTexture.cpp in Sources */,
				1948AE9016D18A2000FC93A2 /* PimRenderWindow.cpp in Sources */,
				1948AE9116D18A2000FC93A2 /* PimScene.cpp in Sources */,
				1948AE9216D18A2000FC93A2 /* PimShaderManager.cpp in Sources */,
				1948AE9316D18A2000FC93A2 /* PimSlider.cpp in Sources */,
				1948AE9416D18A2000FC93A2 /* PimSound.cpp in Sources */,
				1948AE9516D18A2000FC93A2 /* PimSprite.cpp in Sources */,
				1948AE9616D18A2000FC93A2 /* PimSpriteBatchNode.cpp in Sources */,
				1948AE9716D18A2000FC93A2 /* PimVec2.cpp in Sources */,
				1948AE9816D18A2000FC93A2 /* PimWinStyle.cpp in Sources */,
				192D131A16D2FA8900AE197E /* Actor.cpp in Sources */,
				192D131B16D2FA8900AE197E /* BanditChest.cpp in Sources */,
				192D131C16D2FA8900AE197E /* Chest.cpp in Sources */,
				192D131D16D2FA8900AE197E /* Door.cpp in Sources */,
				192D131E16D2FA8900AE197E /* Entity.cpp in Sources */,
				192D131F16D2FA8900AE197E /* GameLayer.cpp in Sources */,
				192D132016D2FA8900AE197E /* GameOverLayer.cpp in Sources */,
				192D132116D2FA8900AE197E /* GameScene.cpp in Sources */,
				192D132216D2FA8900AE197E /* Guard.cpp in Sources */,
				192D132316D2FA8900AE197E /* GuardHelperObjects.cpp in Sources */,
				192D132416D2FA8900AE197E /* HighScoreLayer.cpp in Sources */,
				192D132516D2FA8900AE197E /* HUDLayer.cpp in Sources */,
				192D132616D2FA8900AE197E /* Lever.cpp in Sources */,
				192D132716D2FA8900AE197E /* LootBag.cpp in Sources */,
				192D132816D2FA8900AE197E /* MainMenuLayer.cpp in Sources */,
				192D132916D2FA8900AE197E /* MainMenuScene.cpp in Sources */,
				192D132A16D2FA8900AE197E /* MenuButton.cpp in Sources */,
				192D132B16D2FA8900AE197E /* NameInput.cpp in Sources */,
				192D132C16D2FA8900AE197E /* PathNodeManager.cpp in Sources */,
				192D132D16D2FA8900AE197E /* Player.cpp in Sources */,
				192D132E16D2FA8900AE197E /* Plunder.cpp in Sources */,
				192D132F16D2FA8900AE197E /* Underground.cpp in Sources */,
			);
			runOnlyForDeploymentPostprocessing = 0;
		};
/* End PBXSourcesBuildPhase section */

/* Begin XCBuildConfiguration section */
		193B456716D1232B008F6C4F /* Debug */ = {
			isa = XCBuildConfiguration;
			buildSettings = {
				ALWAYS_SEARCH_USER_PATHS = YES;
				ARCHS = "$(ARCHS_STANDARD_64_BIT)";
				CLANG_CXX_LANGUAGE_STANDARD = "gnu++0x";
				CLANG_CXX_LIBRARY = "libc++";
				CLANG_WARN_CONSTANT_CONVERSION = YES;
				CLANG_WARN_EMPTY_BODY = YES;
				CLANG_WARN_ENUM_CONVERSION = YES;
				CLANG_WARN_INT_CONVERSION = YES;
				CLANG_WARN__DUPLICATE_METHOD_MATCH = YES;
				COPY_PHASE_STRIP = NO;
				GCC_C_LANGUAGE_STANDARD = gnu99;
				GCC_DYNAMIC_NO_PIC = NO;
				GCC_ENABLE_OBJC_EXCEPTIONS = YES;
				GCC_OPTIMIZATION_LEVEL = 0;
				GCC_PREPROCESSOR_DEFINITIONS = (
					"DEBUG=1",
					"$(inherited)",
				);
				GCC_SYMBOLS_PRIVATE_EXTERN = NO;
				GCC_WARN_64_TO_32_BIT_CONVERSION = YES;
				GCC_WARN_ABOUT_RETURN_TYPE = YES;
				GCC_WARN_UNINITIALIZED_AUTOS = YES;
				GCC_WARN_UNUSED_VARIABLE = YES;
				HEADER_SEARCH_PATHS = /Users/Pimms/Downloads/Box2D_v2.2.1;
				MACOSX_DEPLOYMENT_TARGET = 10.8;
				ONLY_ACTIVE_ARCH = YES;
				SDKROOT = macosx10.7;
				VALID_ARCHS = x86_64;
			};
			name = Debug;
		};
		193B456816D1232B008F6C4F /* Release */ = {
			isa = XCBuildConfiguration;
			buildSettings = {
				ALWAYS_SEARCH_USER_PATHS = YES;
				ARCHS = "$(ARCHS_STANDARD_64_BIT)";
				CLANG_CXX_LANGUAGE_STANDARD = "gnu++0x";
				CLANG_CXX_LIBRARY = "libc++";
				CLANG_WARN_CONSTANT_CONVERSION = YES;
				CLANG_WARN_EMPTY_BODY = YES;
				CLANG_WARN_ENUM_CONVERSION = YES;
				CLANG_WARN_INT_CONVERSION = YES;
				CLANG_WARN__DUPLICATE_METHOD_MATCH = YES;
				COPY_PHASE_STRIP = YES;
				DEBUG_INFORMATION_FORMAT = "dwarf-with-dsym";
				GCC_C_LANGUAGE_STANDARD = gnu99;
				GCC_ENABLE_OBJC_EXCEPTIONS = YES;
				GCC_WARN_64_TO_32_BIT_CONVERSION = YES;
				GCC_WARN_ABOUT_RETURN_TYPE = YES;
				GCC_WARN_UNINITIALIZED_AUTOS = YES;
				GCC_WARN_UNUSED_VARIABLE = YES;
				HEADER_SEARCH_PATHS = /Users/Pimms/Downloads/Box2D_v2.2.1;
				MACOSX_DEPLOYMENT_TARGET = 10.8;
				SDKROOT = macosx10.7;
				VALID_ARCHS = x86_64;
			};
			name = Release;
		};
		193B456A16D1232B008F6C4F /* Debug */ = {
			isa = XCBuildConfiguration;
			buildSettings = {
				ALWAYS_SEARCH_USER_PATHS = NO;
				FRAMEWORK_SEARCH_PATHS = (
					/Library/Frameworks/,
					"\"$(SRCROOT)\"",
				);
				GCC_PREPROCESSOR_DEFINITIONS = (
					"DEBUG=1",
					"$(inherited)",
					"_DEBUG=1",
				);
				HEADER_SEARCH_PATHS = (
					"\"$(SRCROOT)/freetype2\"",
					/Users/pimms/Downloads/Box2D_v2.2.1,
					"\"$(SRCROOT)/../../../src/dep/include/SDL-2.0.0-6940/\"",
				);
				LIBRARY_SEARCH_PATHS = (
					"$(inherited)",
					"\"$(SRCROOT)\"",
					"\"$(SRCROOT)/../../../../../Downloads/Box2D_v2.2.1/Build/Box2D\"",
					"\"$(SRCROOT)/../../../../../Downloads/Box2D_v2.2.1/Build/Box2D\"",
				);
				PRODUCT_NAME = "$(TARGET_NAME)";
			};
			name = Debug;
		};
		193B456B16D1232B008F6C4F /* Release */ = {
			isa = XCBuildConfiguration;
			buildSettings = {
				ALWAYS_SEARCH_USER_PATHS = NO;
				FRAMEWORK_SEARCH_PATHS = (
					/Library/Frameworks/,
					"\"$(SRCROOT)\"",
				);
				HEADER_SEARCH_PATHS = (
					"\"$(SRCROOT)/freetype2\"",
					/Users/pimms/Downloads/Box2D_v2.2.1,
					"\"$(SRCROOT)/../../../src/dep/include/SDL-2.0.0-6940/\"",
				);
				LIBRARY_SEARCH_PATHS = (
					"$(inherited)",
					"\"$(SRCROOT)\"",
					"\"$(SRCROOT)/../../../../../Downloads/Box2D_v2.2.1/Build/Box2D\"",
					"\"$(SRCROOT)/../../../../../Downloads/Box2D_v2.2.1/Build/Box2D\"",
				);
				PRODUCT_NAME = "$(TARGET_NAME)";
			};
			name = Release;
		};
/* End XCBuildConfiguration section */

/* Begin XCConfigurationList section */
		193B455B16D1232B008F6C4F /* Build configuration list for PBXProject "Pim_osxtemplate" */ = {
			isa = XCConfigurationList;
			buildConfigurations = (
				193B456716D1232B008F6C4F /* Debug */,
				193B456816D1232B008F6C4F /* Release */,
			);
			defaultConfigurationIsVisible = 0;
			defaultConfigurationName = Release;
		};
		193B456916D1232B008F6C4F /* Build configuration list for PBXNativeTarget "Pim_osxtemplate" */ = {
			isa = XCConfigurationList;
			buildConfigurations = (
				193B456A16D1232B008F6C4F /* Debug */,
				193B456B16D1232B008F6C4F /* Release */,
			);
			defaultConfigurationIsVisible = 0;
			defaultConfigurationName = Release;
		};
/* End XCConfigurationList section */
	};
	rootObject = 193B455816D1232B008F6C4F /* Project object */;
}
